// !$*UTF8*$!
{
	archiveVersion = 1;
	classes = {
	};
	objectVersion = 56;
	objects = {

/* Begin PBXBuildFile section */
		6F9464B02A85D2C200575DA5 /* NSData+HexString.m in Sources */ = {isa = PBXBuildFile; fileRef = 6F9464AE2A85D2C200575DA5 /* NSData+HexString.m */; };
		6F9464B12A85D2C200575DA5 /* NSData+HexString.m in Sources */ = {isa = PBXBuildFile; fileRef = 6F9464AE2A85D2C200575DA5 /* NSData+HexString.m */; };
		6FC44B332B07133A00FB0E6D /* HTTPErrorResponse.m in Sources */ = {isa = PBXBuildFile; fileRef = 6FC44B132B07133A00FB0E6D /* HTTPErrorResponse.m */; };
		6FC44B342B07133A00FB0E6D /* HTTPErrorResponse.m in Sources */ = {isa = PBXBuildFile; fileRef = 6FC44B132B07133A00FB0E6D /* HTTPErrorResponse.m */; };
		6FC44B352B07133A00FB0E6D /* HTTPDataResponse.m in Sources */ = {isa = PBXBuildFile; fileRef = 6FC44B142B07133A00FB0E6D /* HTTPDataResponse.m */; };
		6FC44B362B07133A00FB0E6D /* HTTPDataResponse.m in Sources */ = {isa = PBXBuildFile; fileRef = 6FC44B142B07133A00FB0E6D /* HTTPDataResponse.m */; };
		6FC44B372B07133A00FB0E6D /* HTTPDynamicFileResponse.m in Sources */ = {isa = PBXBuildFile; fileRef = 6FC44B162B07133A00FB0E6D /* HTTPDynamicFileResponse.m */; };
		6FC44B382B07133A00FB0E6D /* HTTPDynamicFileResponse.m in Sources */ = {isa = PBXBuildFile; fileRef = 6FC44B162B07133A00FB0E6D /* HTTPDynamicFileResponse.m */; };
		6FC44B392B07133A00FB0E6D /* HTTPFileResponse.m in Sources */ = {isa = PBXBuildFile; fileRef = 6FC44B172B07133A00FB0E6D /* HTTPFileResponse.m */; };
		6FC44B3A2B07133A00FB0E6D /* HTTPFileResponse.m in Sources */ = {isa = PBXBuildFile; fileRef = 6FC44B172B07133A00FB0E6D /* HTTPFileResponse.m */; };
		6FC44B3B2B07133A00FB0E6D /* HTTPAsyncFileResponse.m in Sources */ = {isa = PBXBuildFile; fileRef = 6FC44B182B07133A00FB0E6D /* HTTPAsyncFileResponse.m */; };
		6FC44B3C2B07133A00FB0E6D /* HTTPAsyncFileResponse.m in Sources */ = {isa = PBXBuildFile; fileRef = 6FC44B182B07133A00FB0E6D /* HTTPAsyncFileResponse.m */; };
		6FC44B3D2B07133A00FB0E6D /* HTTPRedirectResponse.m in Sources */ = {isa = PBXBuildFile; fileRef = 6FC44B192B07133A00FB0E6D /* HTTPRedirectResponse.m */; };
		6FC44B3E2B07133A00FB0E6D /* HTTPRedirectResponse.m in Sources */ = {isa = PBXBuildFile; fileRef = 6FC44B192B07133A00FB0E6D /* HTTPRedirectResponse.m */; };
		6FC44B3F2B07133A00FB0E6D /* HTTPMessage.m in Sources */ = {isa = PBXBuildFile; fileRef = 6FC44B1F2B07133A00FB0E6D /* HTTPMessage.m */; };
		6FC44B402B07133A00FB0E6D /* HTTPMessage.m in Sources */ = {isa = PBXBuildFile; fileRef = 6FC44B1F2B07133A00FB0E6D /* HTTPMessage.m */; };
		6FC44B412B07133A00FB0E6D /* HTTPConnection.m in Sources */ = {isa = PBXBuildFile; fileRef = 6FC44B202B07133A00FB0E6D /* HTTPConnection.m */; };
		6FC44B422B07133A00FB0E6D /* HTTPConnection.m in Sources */ = {isa = PBXBuildFile; fileRef = 6FC44B202B07133A00FB0E6D /* HTTPConnection.m */; };
		6FC44B432B07133A00FB0E6D /* WebSocket.m in Sources */ = {isa = PBXBuildFile; fileRef = 6FC44B212B07133A00FB0E6D /* WebSocket.m */; };
		6FC44B442B07133A00FB0E6D /* WebSocket.m in Sources */ = {isa = PBXBuildFile; fileRef = 6FC44B212B07133A00FB0E6D /* WebSocket.m */; };
		6FC44B452B07133A00FB0E6D /* MultipartMessageHeaderField.m in Sources */ = {isa = PBXBuildFile; fileRef = 6FC44B262B07133A00FB0E6D /* MultipartMessageHeaderField.m */; };
		6FC44B462B07133A00FB0E6D /* MultipartMessageHeaderField.m in Sources */ = {isa = PBXBuildFile; fileRef = 6FC44B262B07133A00FB0E6D /* MultipartMessageHeaderField.m */; };
		6FC44B472B07133A00FB0E6D /* MultipartFormDataParser.m in Sources */ = {isa = PBXBuildFile; fileRef = 6FC44B272B07133A00FB0E6D /* MultipartFormDataParser.m */; };
		6FC44B482B07133A00FB0E6D /* MultipartFormDataParser.m in Sources */ = {isa = PBXBuildFile; fileRef = 6FC44B272B07133A00FB0E6D /* MultipartFormDataParser.m */; };
		6FC44B492B07133A00FB0E6D /* MultipartMessageHeader.m in Sources */ = {isa = PBXBuildFile; fileRef = 6FC44B282B07133A00FB0E6D /* MultipartMessageHeader.m */; };
		6FC44B4A2B07133A00FB0E6D /* MultipartMessageHeader.m in Sources */ = {isa = PBXBuildFile; fileRef = 6FC44B282B07133A00FB0E6D /* MultipartMessageHeader.m */; };
		6FC44B4B2B07133A00FB0E6D /* HTTPAuthenticationRequest.m in Sources */ = {isa = PBXBuildFile; fileRef = 6FC44B2A2B07133A00FB0E6D /* HTTPAuthenticationRequest.m */; };
		6FC44B4C2B07133A00FB0E6D /* HTTPAuthenticationRequest.m in Sources */ = {isa = PBXBuildFile; fileRef = 6FC44B2A2B07133A00FB0E6D /* HTTPAuthenticationRequest.m */; };
		6FC44B4D2B07133A00FB0E6D /* DDNumber.m in Sources */ = {isa = PBXBuildFile; fileRef = 6FC44B2C2B07133A00FB0E6D /* DDNumber.m */; };
		6FC44B4E2B07133A00FB0E6D /* DDNumber.m in Sources */ = {isa = PBXBuildFile; fileRef = 6FC44B2C2B07133A00FB0E6D /* DDNumber.m */; };
		6FC44B4F2B07133A00FB0E6D /* DDData.m in Sources */ = {isa = PBXBuildFile; fileRef = 6FC44B2D2B07133A00FB0E6D /* DDData.m */; };
		6FC44B502B07133A00FB0E6D /* DDData.m in Sources */ = {isa = PBXBuildFile; fileRef = 6FC44B2D2B07133A00FB0E6D /* DDData.m */; };
		6FC44B512B07133A00FB0E6D /* DDRange.m in Sources */ = {isa = PBXBuildFile; fileRef = 6FC44B302B07133A00FB0E6D /* DDRange.m */; };
		6FC44B522B07133A00FB0E6D /* DDRange.m in Sources */ = {isa = PBXBuildFile; fileRef = 6FC44B302B07133A00FB0E6D /* DDRange.m */; };
		6FC44B532B07133A00FB0E6D /* HTTPServer.m in Sources */ = {isa = PBXBuildFile; fileRef = 6FC44B322B07133A00FB0E6D /* HTTPServer.m */; };
		6FC44B542B07133A00FB0E6D /* HTTPServer.m in Sources */ = {isa = PBXBuildFile; fileRef = 6FC44B322B07133A00FB0E6D /* HTTPServer.m */; };
		6FC44B572B07337300FB0E6D /* MyHTTPConnection.m in Sources */ = {isa = PBXBuildFile; fileRef = 6FC44B552B07337300FB0E6D /* MyHTTPConnection.m */; };
		6FC44B5A2B07339D00FB0E6D /* MyWebSocket.m in Sources */ = {isa = PBXBuildFile; fileRef = 6FC44B582B07339D00FB0E6D /* MyWebSocket.m */; };
		6FC44B6A2B073FEE00FB0E6D /* Web in Resources */ = {isa = PBXBuildFile; fileRef = 6FC44B692B073FEE00FB0E6D /* Web */; };
		6FC44B752B0744FB00FB0E6D /* SRWebSocket.m in Sources */ = {isa = PBXBuildFile; fileRef = 6FC44B6F2B0744FB00FB0E6D /* SRWebSocket.m */; };
		6FC44B762B0744FB00FB0E6D /* SRWebSocket.m in Sources */ = {isa = PBXBuildFile; fileRef = 6FC44B6F2B0744FB00FB0E6D /* SRWebSocket.m */; };
		6FC44B772B0744FB00FB0E6D /* NSData+SRB64Additions.m in Sources */ = {isa = PBXBuildFile; fileRef = 6FC44B712B0744FB00FB0E6D /* NSData+SRB64Additions.m */; };
		6FC44B782B0744FB00FB0E6D /* NSData+SRB64Additions.m in Sources */ = {isa = PBXBuildFile; fileRef = 6FC44B712B0744FB00FB0E6D /* NSData+SRB64Additions.m */; };
		6FC44B792B0744FB00FB0E6D /* base64.c in Sources */ = {isa = PBXBuildFile; fileRef = 6FC44B732B0744FB00FB0E6D /* base64.c */; };
		6FC44B7A2B0744FB00FB0E6D /* base64.c in Sources */ = {isa = PBXBuildFile; fileRef = 6FC44B732B0744FB00FB0E6D /* base64.c */; };
		6FD800C52B0DFB6400DE9000 /* ConnectorWebSocket.m in Sources */ = {isa = PBXBuildFile; fileRef = 6FD800C42B0DFB6300DE9000 /* ConnectorWebSocket.m */; };
		6FF0EF072A0DDC8700BD5145 /* AppDelegate.m in Sources */ = {isa = PBXBuildFile; fileRef = 6FF0EF062A0DDC8700BD5145 /* AppDelegate.m */; };
		6FF0EF0A2A0DDC8700BD5145 /* SceneDelegate.m in Sources */ = {isa = PBXBuildFile; fileRef = 6FF0EF092A0DDC8700BD5145 /* SceneDelegate.m */; };
		6FF0EF0D2A0DDC8700BD5145 /* ViewController.m in Sources */ = {isa = PBXBuildFile; fileRef = 6FF0EF0C2A0DDC8700BD5145 /* ViewController.m */; };
		6FF0EF102A0DDC8700BD5145 /* Main.storyboard in Resources */ = {isa = PBXBuildFile; fileRef = 6FF0EF0E2A0DDC8700BD5145 /* Main.storyboard */; };
		6FF0EF122A0DDC8900BD5145 /* Assets.xcassets in Resources */ = {isa = PBXBuildFile; fileRef = 6FF0EF112A0DDC8900BD5145 /* Assets.xcassets */; };
		6FF0EF152A0DDC8900BD5145 /* LaunchScreen.storyboard in Resources */ = {isa = PBXBuildFile; fileRef = 6FF0EF132A0DDC8900BD5145 /* LaunchScreen.storyboard */; };
		6FF0EF182A0DDC8900BD5145 /* main.m in Sources */ = {isa = PBXBuildFile; fileRef = 6FF0EF172A0DDC8900BD5145 /* main.m */; };
		6FF0EF262A0DDDC600BD5145 /* NetworkExtension.framework in Frameworks */ = {isa = PBXBuildFile; fileRef = 6FF0EF252A0DDDC600BD5145 /* NetworkExtension.framework */; };
		6FF0EF2A2A0DDDC700BD5145 /* PacketTunnelProvider.m in Sources */ = {isa = PBXBuildFile; fileRef = 6FF0EF292A0DDDC700BD5145 /* PacketTunnelProvider.m */; };
		6FF0EF2F2A0DDDC700BD5145 /* tunnelVPN.appex in Embed Foundation Extensions */ = {isa = PBXBuildFile; fileRef = 6FF0EF232A0DDDC600BD5145 /* tunnelVPN.appex */; settings = {ATTRIBUTES = (RemoveHeadersOnCopy, ); }; };
		6FF0EF552A0E07BA00BD5145 /* Documentation.html in Resources */ = {isa = PBXBuildFile; fileRef = 6FF0EF392A0E07BA00BD5145 /* Documentation.html */; };
		6FF0EF562A0E07BA00BD5145 /* Documentation.html in Resources */ = {isa = PBXBuildFile; fileRef = 6FF0EF392A0E07BA00BD5145 /* Documentation.html */; };
		6FF0EF572A0E07BA00BD5145 /* GCDAsyncUdpSocket.m in Sources */ = {isa = PBXBuildFile; fileRef = 6FF0EF3A2A0E07BA00BD5145 /* GCDAsyncUdpSocket.m */; };
		6FF0EF582A0E07BA00BD5145 /* GCDAsyncUdpSocket.m in Sources */ = {isa = PBXBuildFile; fileRef = 6FF0EF3A2A0E07BA00BD5145 /* GCDAsyncUdpSocket.m */; };
		6FF0EF592A0E07BA00BD5145 /* GCDAsyncSocket.m in Sources */ = {isa = PBXBuildFile; fileRef = 6FF0EF3B2A0E07BA00BD5145 /* GCDAsyncSocket.m */; };
		6FF0EF5A2A0E07BA00BD5145 /* GCDAsyncSocket.m in Sources */ = {isa = PBXBuildFile; fileRef = 6FF0EF3B2A0E07BA00BD5145 /* GCDAsyncSocket.m */; };
		6FF0EF5D2A0E07BA00BD5145 /* DDTTYLogger.m in Sources */ = {isa = PBXBuildFile; fileRef = 6FF0EF422A0E07BA00BD5145 /* DDTTYLogger.m */; };
		6FF0EF5E2A0E07BA00BD5145 /* DDTTYLogger.m in Sources */ = {isa = PBXBuildFile; fileRef = 6FF0EF422A0E07BA00BD5145 /* DDTTYLogger.m */; };
		6FF0EF5F2A0E07BA00BD5145 /* DDASLLogger.m in Sources */ = {isa = PBXBuildFile; fileRef = 6FF0EF452A0E07BA00BD5145 /* DDASLLogger.m */; };
		6FF0EF602A0E07BA00BD5145 /* DDASLLogger.m in Sources */ = {isa = PBXBuildFile; fileRef = 6FF0EF452A0E07BA00BD5145 /* DDASLLogger.m */; };
		6FF0EF612A0E07BA00BD5145 /* DDContextFilterLogFormatter.m in Sources */ = {isa = PBXBuildFile; fileRef = 6FF0EF482A0E07BA00BD5145 /* DDContextFilterLogFormatter.m */; };
		6FF0EF622A0E07BA00BD5145 /* DDContextFilterLogFormatter.m in Sources */ = {isa = PBXBuildFile; fileRef = 6FF0EF482A0E07BA00BD5145 /* DDContextFilterLogFormatter.m */; };
		6FF0EF632A0E07BA00BD5145 /* DDDispatchQueueLogFormatter.m in Sources */ = {isa = PBXBuildFile; fileRef = 6FF0EF492A0E07BA00BD5145 /* DDDispatchQueueLogFormatter.m */; };
		6FF0EF642A0E07BA00BD5145 /* DDDispatchQueueLogFormatter.m in Sources */ = {isa = PBXBuildFile; fileRef = 6FF0EF492A0E07BA00BD5145 /* DDDispatchQueueLogFormatter.m */; };
		6FF0EF652A0E07BA00BD5145 /* DDMultiFormatter.m in Sources */ = {isa = PBXBuildFile; fileRef = 6FF0EF4C2A0E07BA00BD5145 /* DDMultiFormatter.m */; };
		6FF0EF662A0E07BA00BD5145 /* DDMultiFormatter.m in Sources */ = {isa = PBXBuildFile; fileRef = 6FF0EF4C2A0E07BA00BD5145 /* DDMultiFormatter.m */; };
		6FF0EF672A0E07BA00BD5145 /* README.txt in Resources */ = {isa = PBXBuildFile; fileRef = 6FF0EF4E2A0E07BA00BD5145 /* README.txt */; };
		6FF0EF682A0E07BA00BD5145 /* README.txt in Resources */ = {isa = PBXBuildFile; fileRef = 6FF0EF4E2A0E07BA00BD5145 /* README.txt */; };
		6FF0EF692A0E07BA00BD5145 /* DDLog.m in Sources */ = {isa = PBXBuildFile; fileRef = 6FF0EF4F2A0E07BA00BD5145 /* DDLog.m */; };
		6FF0EF6A2A0E07BA00BD5145 /* DDLog.m in Sources */ = {isa = PBXBuildFile; fileRef = 6FF0EF4F2A0E07BA00BD5145 /* DDLog.m */; };
		6FF0EF6B2A0E07BA00BD5145 /* DDAbstractDatabaseLogger.m in Sources */ = {isa = PBXBuildFile; fileRef = 6FF0EF522A0E07BA00BD5145 /* DDAbstractDatabaseLogger.m */; };
		6FF0EF6C2A0E07BA00BD5145 /* DDAbstractDatabaseLogger.m in Sources */ = {isa = PBXBuildFile; fileRef = 6FF0EF522A0E07BA00BD5145 /* DDAbstractDatabaseLogger.m */; };
		6FF0EF6D2A0E07BA00BD5145 /* DDFileLogger.m in Sources */ = {isa = PBXBuildFile; fileRef = 6FF0EF532A0E07BA00BD5145 /* DDFileLogger.m */; };
		6FF0EF6E2A0E07BA00BD5145 /* DDFileLogger.m in Sources */ = {isa = PBXBuildFile; fileRef = 6FF0EF532A0E07BA00BD5145 /* DDFileLogger.m */; };
		6FFCDE722B1471DC00F82A23 /* SharedSocketsManager.m in Sources */ = {isa = PBXBuildFile; fileRef = 6FFCDE712B1471DC00F82A23 /* SharedSocketsManager.m */; };
/* End PBXBuildFile section */

/* Begin PBXContainerItemProxy section */
		6FF0EF2D2A0DDDC700BD5145 /* PBXContainerItemProxy */ = {
			isa = PBXContainerItemProxy;
			containerPortal = 6FF0EEFA2A0DDC8700BD5145 /* Project object */;
			proxyType = 1;
			remoteGlobalIDString = 6FF0EF222A0DDDC600BD5145;
			remoteInfo = tunnelVPN;
		};
/* End PBXContainerItemProxy section */

/* Begin PBXCopyFilesBuildPhase section */
		6FF0EF332A0DDDC700BD5145 /* Embed Foundation Extensions */ = {
			isa = PBXCopyFilesBuildPhase;
			buildActionMask = 2147483647;
			dstPath = "";
			dstSubfolderSpec = 13;
			files = (
				6FF0EF2F2A0DDDC700BD5145 /* tunnelVPN.appex in Embed Foundation Extensions */,
			);
			name = "Embed Foundation Extensions";
			runOnlyForDeploymentPostprocessing = 0;
		};
/* End PBXCopyFilesBuildPhase section */

/* Begin PBXFileReference section */
		6F36BE812AFCA89B00F7EEA7 /* Packet.h */ = {isa = PBXFileReference; lastKnownFileType = sourcecode.c.h; name = Packet.h; path = ../../../Packet.h; sourceTree = "<group>"; };
		6F9464AE2A85D2C200575DA5 /* NSData+HexString.m */ = {isa = PBXFileReference; fileEncoding = 4; lastKnownFileType = sourcecode.c.objc; path = "NSData+HexString.m"; sourceTree = "<group>"; };
		6F9464AF2A85D2C200575DA5 /* NSData+HexString.h */ = {isa = PBXFileReference; fileEncoding = 4; lastKnownFileType = sourcecode.c.h; path = "NSData+HexString.h"; sourceTree = "<group>"; };
		6FBCEB242B47B27E007D4FBE /* tunnel_vpnDebug.entitlements */ = {isa = PBXFileReference; lastKnownFileType = text.plist.entitlements; path = tunnel_vpnDebug.entitlements; sourceTree = "<group>"; };
		6FBCEB252B47B2A0007D4FBE /* tunnelVPNDebug.entitlements */ = {isa = PBXFileReference; lastKnownFileType = text.plist.entitlements; path = tunnelVPNDebug.entitlements; sourceTree = "<group>"; };
		6FC44B0C2B07133A00FB0E6D /* HTTPConnection.h */ = {isa = PBXFileReference; fileEncoding = 4; lastKnownFileType = sourcecode.c.h; path = HTTPConnection.h; sourceTree = "<group>"; };
		6FC44B0D2B07133A00FB0E6D /* HTTPLogging.h */ = {isa = PBXFileReference; fileEncoding = 4; lastKnownFileType = sourcecode.c.h; path = HTTPLogging.h; sourceTree = "<group>"; };
		6FC44B0E2B07133A00FB0E6D /* HTTPMessage.h */ = {isa = PBXFileReference; fileEncoding = 4; lastKnownFileType = sourcecode.c.h; path = HTTPMessage.h; sourceTree = "<group>"; };
		6FC44B0F2B07133A00FB0E6D /* WebSocket.h */ = {isa = PBXFileReference; fileEncoding = 4; lastKnownFileType = sourcecode.c.h; path = WebSocket.h; sourceTree = "<group>"; };
		6FC44B102B07133A00FB0E6D /* HTTPAuthenticationRequest.h */ = {isa = PBXFileReference; fileEncoding = 4; lastKnownFileType = sourcecode.c.h; path = HTTPAuthenticationRequest.h; sourceTree = "<group>"; };
		6FC44B122B07133A00FB0E6D /* HTTPAsyncFileResponse.h */ = {isa = PBXFileReference; fileEncoding = 4; lastKnownFileType = sourcecode.c.h; path = HTTPAsyncFileResponse.h; sourceTree = "<group>"; };
		6FC44B132B07133A00FB0E6D /* HTTPErrorResponse.m */ = {isa = PBXFileReference; fileEncoding = 4; lastKnownFileType = sourcecode.c.objc; path = HTTPErrorResponse.m; sourceTree = "<group>"; };
		6FC44B142B07133A00FB0E6D /* HTTPDataResponse.m */ = {isa = PBXFileReference; fileEncoding = 4; lastKnownFileType = sourcecode.c.objc; path = HTTPDataResponse.m; sourceTree = "<group>"; };
		6FC44B152B07133A00FB0E6D /* HTTPRedirectResponse.h */ = {isa = PBXFileReference; fileEncoding = 4; lastKnownFileType = sourcecode.c.h; path = HTTPRedirectResponse.h; sourceTree = "<group>"; };
		6FC44B162B07133A00FB0E6D /* HTTPDynamicFileResponse.m */ = {isa = PBXFileReference; fileEncoding = 4; lastKnownFileType = sourcecode.c.objc; path = HTTPDynamicFileResponse.m; sourceTree = "<group>"; };
		6FC44B172B07133A00FB0E6D /* HTTPFileResponse.m */ = {isa = PBXFileReference; fileEncoding = 4; lastKnownFileType = sourcecode.c.objc; path = HTTPFileResponse.m; sourceTree = "<group>"; };
		6FC44B182B07133A00FB0E6D /* HTTPAsyncFileResponse.m */ = {isa = PBXFileReference; fileEncoding = 4; lastKnownFileType = sourcecode.c.objc; path = HTTPAsyncFileResponse.m; sourceTree = "<group>"; };
		6FC44B192B07133A00FB0E6D /* HTTPRedirectResponse.m */ = {isa = PBXFileReference; fileEncoding = 4; lastKnownFileType = sourcecode.c.objc; path = HTTPRedirectResponse.m; sourceTree = "<group>"; };
		6FC44B1A2B07133A00FB0E6D /* HTTPDataResponse.h */ = {isa = PBXFileReference; fileEncoding = 4; lastKnownFileType = sourcecode.c.h; path = HTTPDataResponse.h; sourceTree = "<group>"; };
		6FC44B1B2B07133A00FB0E6D /* HTTPErrorResponse.h */ = {isa = PBXFileReference; fileEncoding = 4; lastKnownFileType = sourcecode.c.h; path = HTTPErrorResponse.h; sourceTree = "<group>"; };
		6FC44B1C2B07133A00FB0E6D /* HTTPFileResponse.h */ = {isa = PBXFileReference; fileEncoding = 4; lastKnownFileType = sourcecode.c.h; path = HTTPFileResponse.h; sourceTree = "<group>"; };
		6FC44B1D2B07133A00FB0E6D /* HTTPDynamicFileResponse.h */ = {isa = PBXFileReference; fileEncoding = 4; lastKnownFileType = sourcecode.c.h; path = HTTPDynamicFileResponse.h; sourceTree = "<group>"; };
		6FC44B1E2B07133A00FB0E6D /* HTTPServer.h */ = {isa = PBXFileReference; fileEncoding = 4; lastKnownFileType = sourcecode.c.h; path = HTTPServer.h; sourceTree = "<group>"; };
		6FC44B1F2B07133A00FB0E6D /* HTTPMessage.m */ = {isa = PBXFileReference; fileEncoding = 4; lastKnownFileType = sourcecode.c.objc; path = HTTPMessage.m; sourceTree = "<group>"; };
		6FC44B202B07133A00FB0E6D /* HTTPConnection.m */ = {isa = PBXFileReference; fileEncoding = 4; lastKnownFileType = sourcecode.c.objc; path = HTTPConnection.m; sourceTree = "<group>"; };
		6FC44B212B07133A00FB0E6D /* WebSocket.m */ = {isa = PBXFileReference; fileEncoding = 4; lastKnownFileType = sourcecode.c.objc; path = WebSocket.m; sourceTree = "<group>"; };
		6FC44B222B07133A00FB0E6D /* HTTPResponse.h */ = {isa = PBXFileReference; fileEncoding = 4; lastKnownFileType = sourcecode.c.h; path = HTTPResponse.h; sourceTree = "<group>"; };
		6FC44B242B07133A00FB0E6D /* MultipartFormDataParser.h */ = {isa = PBXFileReference; fileEncoding = 4; lastKnownFileType = sourcecode.c.h; path = MultipartFormDataParser.h; sourceTree = "<group>"; };
		6FC44B252B07133A00FB0E6D /* MultipartMessageHeader.h */ = {isa = PBXFileReference; fileEncoding = 4; lastKnownFileType = sourcecode.c.h; path = MultipartMessageHeader.h; sourceTree = "<group>"; };
		6FC44B262B07133A00FB0E6D /* MultipartMessageHeaderField.m */ = {isa = PBXFileReference; fileEncoding = 4; lastKnownFileType = sourcecode.c.objc; path = MultipartMessageHeaderField.m; sourceTree = "<group>"; };
		6FC44B272B07133A00FB0E6D /* MultipartFormDataParser.m */ = {isa = PBXFileReference; fileEncoding = 4; lastKnownFileType = sourcecode.c.objc; path = MultipartFormDataParser.m; sourceTree = "<group>"; };
		6FC44B282B07133A00FB0E6D /* MultipartMessageHeader.m */ = {isa = PBXFileReference; fileEncoding = 4; lastKnownFileType = sourcecode.c.objc; path = MultipartMessageHeader.m; sourceTree = "<group>"; };
		6FC44B292B07133A00FB0E6D /* MultipartMessageHeaderField.h */ = {isa = PBXFileReference; fileEncoding = 4; lastKnownFileType = sourcecode.c.h; path = MultipartMessageHeaderField.h; sourceTree = "<group>"; };
		6FC44B2A2B07133A00FB0E6D /* HTTPAuthenticationRequest.m */ = {isa = PBXFileReference; fileEncoding = 4; lastKnownFileType = sourcecode.c.objc; path = HTTPAuthenticationRequest.m; sourceTree = "<group>"; };
		6FC44B2C2B07133A00FB0E6D /* DDNumber.m */ = {isa = PBXFileReference; fileEncoding = 4; lastKnownFileType = sourcecode.c.objc; path = DDNumber.m; sourceTree = "<group>"; };
		6FC44B2D2B07133A00FB0E6D /* DDData.m */ = {isa = PBXFileReference; fileEncoding = 4; lastKnownFileType = sourcecode.c.objc; path = DDData.m; sourceTree = "<group>"; };
		6FC44B2E2B07133A00FB0E6D /* DDRange.h */ = {isa = PBXFileReference; fileEncoding = 4; lastKnownFileType = sourcecode.c.h; path = DDRange.h; sourceTree = "<group>"; };
		6FC44B2F2B07133A00FB0E6D /* DDNumber.h */ = {isa = PBXFileReference; fileEncoding = 4; lastKnownFileType = sourcecode.c.h; path = DDNumber.h; sourceTree = "<group>"; };
		6FC44B302B07133A00FB0E6D /* DDRange.m */ = {isa = PBXFileReference; fileEncoding = 4; lastKnownFileType = sourcecode.c.objc; path = DDRange.m; sourceTree = "<group>"; };
		6FC44B312B07133A00FB0E6D /* DDData.h */ = {isa = PBXFileReference; fileEncoding = 4; lastKnownFileType = sourcecode.c.h; path = DDData.h; sourceTree = "<group>"; };
		6FC44B322B07133A00FB0E6D /* HTTPServer.m */ = {isa = PBXFileReference; fileEncoding = 4; lastKnownFileType = sourcecode.c.objc; path = HTTPServer.m; sourceTree = "<group>"; };
		6FC44B552B07337300FB0E6D /* MyHTTPConnection.m */ = {isa = PBXFileReference; fileEncoding = 4; lastKnownFileType = sourcecode.c.objc; path = MyHTTPConnection.m; sourceTree = "<group>"; };
		6FC44B562B07337300FB0E6D /* MyHTTPConnection.h */ = {isa = PBXFileReference; fileEncoding = 4; lastKnownFileType = sourcecode.c.h; path = MyHTTPConnection.h; sourceTree = "<group>"; };
		6FC44B582B07339D00FB0E6D /* MyWebSocket.m */ = {isa = PBXFileReference; fileEncoding = 4; lastKnownFileType = sourcecode.c.objc; path = MyWebSocket.m; sourceTree = "<group>"; };
		6FC44B592B07339D00FB0E6D /* MyWebSocket.h */ = {isa = PBXFileReference; fileEncoding = 4; lastKnownFileType = sourcecode.c.h; path = MyWebSocket.h; sourceTree = "<group>"; };
		6FC44B692B073FEE00FB0E6D /* Web */ = {isa = PBXFileReference; lastKnownFileType = folder; path = Web; sourceTree = "<group>"; };
		6FC44B6F2B0744FB00FB0E6D /* SRWebSocket.m */ = {isa = PBXFileReference; fileEncoding = 4; lastKnownFileType = sourcecode.c.objc; path = SRWebSocket.m; sourceTree = "<group>"; };
		6FC44B702B0744FB00FB0E6D /* base64.h */ = {isa = PBXFileReference; fileEncoding = 4; lastKnownFileType = sourcecode.c.h; path = base64.h; sourceTree = "<group>"; };
		6FC44B712B0744FB00FB0E6D /* NSData+SRB64Additions.m */ = {isa = PBXFileReference; fileEncoding = 4; lastKnownFileType = sourcecode.c.objc; path = "NSData+SRB64Additions.m"; sourceTree = "<group>"; };
		6FC44B722B0744FB00FB0E6D /* SRWebSocket.h */ = {isa = PBXFileReference; fileEncoding = 4; lastKnownFileType = sourcecode.c.h; path = SRWebSocket.h; sourceTree = "<group>"; };
		6FC44B732B0744FB00FB0E6D /* base64.c */ = {isa = PBXFileReference; fileEncoding = 4; lastKnownFileType = sourcecode.c.c; path = base64.c; sourceTree = "<group>"; };
		6FC44B742B0744FB00FB0E6D /* NSData+SRB64Additions.h */ = {isa = PBXFileReference; fileEncoding = 4; lastKnownFileType = sourcecode.c.h; path = "NSData+SRB64Additions.h"; sourceTree = "<group>"; };
		6FD800C32B0DFB6300DE9000 /* ConnectorWebSocket.h */ = {isa = PBXFileReference; fileEncoding = 4; lastKnownFileType = sourcecode.c.h; path = ConnectorWebSocket.h; sourceTree = "<group>"; };
		6FD800C42B0DFB6300DE9000 /* ConnectorWebSocket.m */ = {isa = PBXFileReference; fileEncoding = 4; lastKnownFileType = sourcecode.c.objc; path = ConnectorWebSocket.m; sourceTree = "<group>"; };
		6FF0EF022A0DDC8700BD5145 /* tunnel_vpn.app */ = {isa = PBXFileReference; explicitFileType = wrapper.application; includeInIndex = 0; path = tunnel_vpn.app; sourceTree = BUILT_PRODUCTS_DIR; };
		6FF0EF052A0DDC8700BD5145 /* AppDelegate.h */ = {isa = PBXFileReference; lastKnownFileType = sourcecode.c.h; path = AppDelegate.h; sourceTree = "<group>"; };
		6FF0EF062A0DDC8700BD5145 /* AppDelegate.m */ = {isa = PBXFileReference; lastKnownFileType = sourcecode.c.objc; path = AppDelegate.m; sourceTree = "<group>"; };
		6FF0EF082A0DDC8700BD5145 /* SceneDelegate.h */ = {isa = PBXFileReference; lastKnownFileType = sourcecode.c.h; path = SceneDelegate.h; sourceTree = "<group>"; };
		6FF0EF092A0DDC8700BD5145 /* SceneDelegate.m */ = {isa = PBXFileReference; lastKnownFileType = sourcecode.c.objc; path = SceneDelegate.m; sourceTree = "<group>"; };
		6FF0EF0B2A0DDC8700BD5145 /* ViewController.h */ = {isa = PBXFileReference; lastKnownFileType = sourcecode.c.h; path = ViewController.h; sourceTree = "<group>"; };
		6FF0EF0C2A0DDC8700BD5145 /* ViewController.m */ = {isa = PBXFileReference; lastKnownFileType = sourcecode.c.objc; path = ViewController.m; sourceTree = "<group>"; };
		6FF0EF0F2A0DDC8700BD5145 /* Base */ = {isa = PBXFileReference; lastKnownFileType = file.storyboard; name = Base; path = Base.lproj/Main.storyboard; sourceTree = "<group>"; };
		6FF0EF112A0DDC8900BD5145 /* Assets.xcassets */ = {isa = PBXFileReference; lastKnownFileType = folder.assetcatalog; path = Assets.xcassets; sourceTree = "<group>"; };
		6FF0EF142A0DDC8900BD5145 /* Base */ = {isa = PBXFileReference; lastKnownFileType = file.storyboard; name = Base; path = Base.lproj/LaunchScreen.storyboard; sourceTree = "<group>"; };
		6FF0EF162A0DDC8900BD5145 /* Info.plist */ = {isa = PBXFileReference; lastKnownFileType = text.plist.xml; path = Info.plist; sourceTree = "<group>"; };
		6FF0EF172A0DDC8900BD5145 /* main.m */ = {isa = PBXFileReference; lastKnownFileType = sourcecode.c.objc; path = main.m; sourceTree = "<group>"; };
		6FF0EF1E2A0DDD8200BD5145 /* tunnel_vpn.entitlements */ = {isa = PBXFileReference; lastKnownFileType = text.plist.entitlements; path = tunnel_vpn.entitlements; sourceTree = "<group>"; };
		6FF0EF232A0DDDC600BD5145 /* tunnelVPN.appex */ = {isa = PBXFileReference; explicitFileType = "wrapper.app-extension"; includeInIndex = 0; path = tunnelVPN.appex; sourceTree = BUILT_PRODUCTS_DIR; };
		6FF0EF252A0DDDC600BD5145 /* NetworkExtension.framework */ = {isa = PBXFileReference; lastKnownFileType = wrapper.framework; name = NetworkExtension.framework; path = System/Library/Frameworks/NetworkExtension.framework; sourceTree = SDKROOT; };
		6FF0EF282A0DDDC700BD5145 /* PacketTunnelProvider.h */ = {isa = PBXFileReference; lastKnownFileType = sourcecode.c.h; path = PacketTunnelProvider.h; sourceTree = "<group>"; };
		6FF0EF292A0DDDC700BD5145 /* PacketTunnelProvider.m */ = {isa = PBXFileReference; lastKnownFileType = sourcecode.c.objc; path = PacketTunnelProvider.m; sourceTree = "<group>"; };
		6FF0EF2B2A0DDDC700BD5145 /* Info.plist */ = {isa = PBXFileReference; lastKnownFileType = text.plist.xml; path = Info.plist; sourceTree = "<group>"; };
		6FF0EF2C2A0DDDC700BD5145 /* tunnelVPN.entitlements */ = {isa = PBXFileReference; lastKnownFileType = text.plist.entitlements; path = tunnelVPN.entitlements; sourceTree = "<group>"; };
		6FF0EF342A0DDE3900BD5145 /* Network.framework */ = {isa = PBXFileReference; lastKnownFileType = wrapper.framework; name = Network.framework; path = System/Library/Frameworks/Network.framework; sourceTree = SDKROOT; };
		6FF0EF392A0E07BA00BD5145 /* Documentation.html */ = {isa = PBXFileReference; fileEncoding = 4; lastKnownFileType = text.html; path = Documentation.html; sourceTree = "<group>"; };
		6FF0EF3A2A0E07BA00BD5145 /* GCDAsyncUdpSocket.m */ = {isa = PBXFileReference; fileEncoding = 4; lastKnownFileType = sourcecode.c.objc; path = GCDAsyncUdpSocket.m; sourceTree = "<group>"; };
		6FF0EF3B2A0E07BA00BD5145 /* GCDAsyncSocket.m */ = {isa = PBXFileReference; fileEncoding = 4; lastKnownFileType = sourcecode.c.objc; path = GCDAsyncSocket.m; sourceTree = "<group>"; };
		6FF0EF3C2A0E07BA00BD5145 /* GCDAsyncUdpSocket.h */ = {isa = PBXFileReference; fileEncoding = 4; lastKnownFileType = sourcecode.c.h; path = GCDAsyncUdpSocket.h; sourceTree = "<group>"; };
		6FF0EF3D2A0E07BA00BD5145 /* GCDAsyncSocket.h */ = {isa = PBXFileReference; fileEncoding = 4; lastKnownFileType = sourcecode.c.h; path = GCDAsyncSocket.h; sourceTree = "<group>"; };
		6FF0EF3E2A0E07BA00BD5145 /* CocoaAsyncSocket.h */ = {isa = PBXFileReference; fileEncoding = 4; lastKnownFileType = sourcecode.c.h; path = CocoaAsyncSocket.h; sourceTree = "<group>"; };
		6FF0EF422A0E07BA00BD5145 /* DDTTYLogger.m */ = {isa = PBXFileReference; fileEncoding = 4; lastKnownFileType = sourcecode.c.objc; path = DDTTYLogger.m; sourceTree = "<group>"; };
		6FF0EF432A0E07BA00BD5145 /* DDLog.h */ = {isa = PBXFileReference; fileEncoding = 4; lastKnownFileType = sourcecode.c.h; path = DDLog.h; sourceTree = "<group>"; };
		6FF0EF442A0E07BA00BD5145 /* DDAbstractDatabaseLogger.h */ = {isa = PBXFileReference; fileEncoding = 4; lastKnownFileType = sourcecode.c.h; path = DDAbstractDatabaseLogger.h; sourceTree = "<group>"; };
		6FF0EF452A0E07BA00BD5145 /* DDASLLogger.m */ = {isa = PBXFileReference; fileEncoding = 4; lastKnownFileType = sourcecode.c.objc; path = DDASLLogger.m; sourceTree = "<group>"; };
		6FF0EF462A0E07BA00BD5145 /* DDFileLogger.h */ = {isa = PBXFileReference; fileEncoding = 4; lastKnownFileType = sourcecode.c.h; path = DDFileLogger.h; sourceTree = "<group>"; };
		6FF0EF482A0E07BA00BD5145 /* DDContextFilterLogFormatter.m */ = {isa = PBXFileReference; fileEncoding = 4; lastKnownFileType = sourcecode.c.objc; path = DDContextFilterLogFormatter.m; sourceTree = "<group>"; };
		6FF0EF492A0E07BA00BD5145 /* DDDispatchQueueLogFormatter.m */ = {isa = PBXFileReference; fileEncoding = 4; lastKnownFileType = sourcecode.c.objc; path = DDDispatchQueueLogFormatter.m; sourceTree = "<group>"; };
		6FF0EF4A2A0E07BA00BD5145 /* DDMultiFormatter.h */ = {isa = PBXFileReference; fileEncoding = 4; lastKnownFileType = sourcecode.c.h; path = DDMultiFormatter.h; sourceTree = "<group>"; };
		6FF0EF4B2A0E07BA00BD5145 /* DDContextFilterLogFormatter.h */ = {isa = PBXFileReference; fileEncoding = 4; lastKnownFileType = sourcecode.c.h; path = DDContextFilterLogFormatter.h; sourceTree = "<group>"; };
		6FF0EF4C2A0E07BA00BD5145 /* DDMultiFormatter.m */ = {isa = PBXFileReference; fileEncoding = 4; lastKnownFileType = sourcecode.c.objc; path = DDMultiFormatter.m; sourceTree = "<group>"; };
		6FF0EF4D2A0E07BA00BD5145 /* DDDispatchQueueLogFormatter.h */ = {isa = PBXFileReference; fileEncoding = 4; lastKnownFileType = sourcecode.c.h; path = DDDispatchQueueLogFormatter.h; sourceTree = "<group>"; };
		6FF0EF4E2A0E07BA00BD5145 /* README.txt */ = {isa = PBXFileReference; fileEncoding = 4; lastKnownFileType = text; path = README.txt; sourceTree = "<group>"; };
		6FF0EF4F2A0E07BA00BD5145 /* DDLog.m */ = {isa = PBXFileReference; fileEncoding = 4; lastKnownFileType = sourcecode.c.objc; path = DDLog.m; sourceTree = "<group>"; };
		6FF0EF502A0E07BA00BD5145 /* DDTTYLogger.h */ = {isa = PBXFileReference; fileEncoding = 4; lastKnownFileType = sourcecode.c.h; path = DDTTYLogger.h; sourceTree = "<group>"; };
		6FF0EF512A0E07BA00BD5145 /* DDLog+LOGV.h */ = {isa = PBXFileReference; fileEncoding = 4; lastKnownFileType = sourcecode.c.h; path = "DDLog+LOGV.h"; sourceTree = "<group>"; };
		6FF0EF522A0E07BA00BD5145 /* DDAbstractDatabaseLogger.m */ = {isa = PBXFileReference; fileEncoding = 4; lastKnownFileType = sourcecode.c.objc; path = DDAbstractDatabaseLogger.m; sourceTree = "<group>"; };
		6FF0EF532A0E07BA00BD5145 /* DDFileLogger.m */ = {isa = PBXFileReference; fileEncoding = 4; lastKnownFileType = sourcecode.c.objc; path = DDFileLogger.m; sourceTree = "<group>"; };
		6FF0EF542A0E07BA00BD5145 /* DDASLLogger.h */ = {isa = PBXFileReference; fileEncoding = 4; lastKnownFileType = sourcecode.c.h; path = DDASLLogger.h; sourceTree = "<group>"; };
		6FFCDE702B1471DC00F82A23 /* SharedSocketsManager.h */ = {isa = PBXFileReference; lastKnownFileType = sourcecode.c.h; path = SharedSocketsManager.h; sourceTree = "<group>"; };
		6FFCDE712B1471DC00F82A23 /* SharedSocketsManager.m */ = {isa = PBXFileReference; lastKnownFileType = sourcecode.c.objc; path = SharedSocketsManager.m; sourceTree = "<group>"; };
/* End PBXFileReference section */

/* Begin PBXFrameworksBuildPhase section */
		6FF0EEFF2A0DDC8700BD5145 /* Frameworks */ = {
			isa = PBXFrameworksBuildPhase;
			buildActionMask = 2147483647;
			files = (
			);
			runOnlyForDeploymentPostprocessing = 0;
		};
		6FF0EF202A0DDDC600BD5145 /* Frameworks */ = {
			isa = PBXFrameworksBuildPhase;
			buildActionMask = 2147483647;
			files = (
				6FF0EF262A0DDDC600BD5145 /* NetworkExtension.framework in Frameworks */,
			);
			runOnlyForDeploymentPostprocessing = 0;
		};
/* End PBXFrameworksBuildPhase section */

/* Begin PBXGroup section */
		6FC44B0B2B07133A00FB0E6D /* Core */ = {
			isa = PBXGroup;
			children = (
				6FC44B0C2B07133A00FB0E6D /* HTTPConnection.h */,
				6FC44B0D2B07133A00FB0E6D /* HTTPLogging.h */,
				6FC44B0E2B07133A00FB0E6D /* HTTPMessage.h */,
				6FC44B0F2B07133A00FB0E6D /* WebSocket.h */,
				6FC44B102B07133A00FB0E6D /* HTTPAuthenticationRequest.h */,
				6FC44B112B07133A00FB0E6D /* Responses */,
				6FC44B1E2B07133A00FB0E6D /* HTTPServer.h */,
				6FC44B1F2B07133A00FB0E6D /* HTTPMessage.m */,
				6FC44B202B07133A00FB0E6D /* HTTPConnection.m */,
				6FC44B212B07133A00FB0E6D /* WebSocket.m */,
				6FC44B222B07133A00FB0E6D /* HTTPResponse.h */,
				6FC44B232B07133A00FB0E6D /* Mime */,
				6FC44B2A2B07133A00FB0E6D /* HTTPAuthenticationRequest.m */,
				6FC44B2B2B07133A00FB0E6D /* Categories */,
				6FC44B322B07133A00FB0E6D /* HTTPServer.m */,
			);
			path = Core;
			sourceTree = "<group>";
		};
		6FC44B112B07133A00FB0E6D /* Responses */ = {
			isa = PBXGroup;
			children = (
				6FC44B122B07133A00FB0E6D /* HTTPAsyncFileResponse.h */,
				6FC44B132B07133A00FB0E6D /* HTTPErrorResponse.m */,
				6FC44B142B07133A00FB0E6D /* HTTPDataResponse.m */,
				6FC44B152B07133A00FB0E6D /* HTTPRedirectResponse.h */,
				6FC44B162B07133A00FB0E6D /* HTTPDynamicFileResponse.m */,
				6FC44B172B07133A00FB0E6D /* HTTPFileResponse.m */,
				6FC44B182B07133A00FB0E6D /* HTTPAsyncFileResponse.m */,
				6FC44B192B07133A00FB0E6D /* HTTPRedirectResponse.m */,
				6FC44B1A2B07133A00FB0E6D /* HTTPDataResponse.h */,
				6FC44B1B2B07133A00FB0E6D /* HTTPErrorResponse.h */,
				6FC44B1C2B07133A00FB0E6D /* HTTPFileResponse.h */,
				6FC44B1D2B07133A00FB0E6D /* HTTPDynamicFileResponse.h */,
			);
			path = Responses;
			sourceTree = "<group>";
		};
		6FC44B232B07133A00FB0E6D /* Mime */ = {
			isa = PBXGroup;
			children = (
				6FC44B242B07133A00FB0E6D /* MultipartFormDataParser.h */,
				6FC44B252B07133A00FB0E6D /* MultipartMessageHeader.h */,
				6FC44B262B07133A00FB0E6D /* MultipartMessageHeaderField.m */,
				6FC44B272B07133A00FB0E6D /* MultipartFormDataParser.m */,
				6FC44B282B07133A00FB0E6D /* MultipartMessageHeader.m */,
				6FC44B292B07133A00FB0E6D /* MultipartMessageHeaderField.h */,
			);
			path = Mime;
			sourceTree = "<group>";
		};
		6FC44B2B2B07133A00FB0E6D /* Categories */ = {
			isa = PBXGroup;
			children = (
				6FC44B2C2B07133A00FB0E6D /* DDNumber.m */,
				6FC44B2D2B07133A00FB0E6D /* DDData.m */,
				6FC44B2E2B07133A00FB0E6D /* DDRange.h */,
				6FC44B2F2B07133A00FB0E6D /* DDNumber.h */,
				6FC44B302B07133A00FB0E6D /* DDRange.m */,
				6FC44B312B07133A00FB0E6D /* DDData.h */,
			);
			path = Categories;
			sourceTree = "<group>";
		};
		6FC44B5B2B07356700FB0E6D /* Resources */ = {
			isa = PBXGroup;
			children = (
				6FC44B692B073FEE00FB0E6D /* Web */,
			);
			path = Resources;
			sourceTree = "<group>";
		};
		6FC44B6E2B0744FB00FB0E6D /* HP_SocketRocket */ = {
			isa = PBXGroup;
			children = (
				6FC44B6F2B0744FB00FB0E6D /* SRWebSocket.m */,
				6FC44B702B0744FB00FB0E6D /* base64.h */,
				6FC44B712B0744FB00FB0E6D /* NSData+SRB64Additions.m */,
				6FC44B722B0744FB00FB0E6D /* SRWebSocket.h */,
				6FC44B732B0744FB00FB0E6D /* base64.c */,
				6FC44B742B0744FB00FB0E6D /* NSData+SRB64Additions.h */,
			);
			path = HP_SocketRocket;
			sourceTree = "<group>";
		};
		6FF0EEF92A0DDC8700BD5145 = {
			isa = PBXGroup;
			children = (
				6FF0EF362A0E07BA00BD5145 /* share */,
				6FF0EF042A0DDC8700BD5145 /* tunnel_vpn */,
				6FF0EF272A0DDDC700BD5145 /* tunnelVPN */,
				6FF0EF242A0DDDC600BD5145 /* Frameworks */,
				6FF0EF032A0DDC8700BD5145 /* Products */,
			);
			sourceTree = "<group>";
		};
		6FF0EF032A0DDC8700BD5145 /* Products */ = {
			isa = PBXGroup;
			children = (
				6FF0EF022A0DDC8700BD5145 /* tunnel_vpn.app */,
				6FF0EF232A0DDDC600BD5145 /* tunnelVPN.appex */,
			);
			name = Products;
			sourceTree = "<group>";
		};
		6FF0EF042A0DDC8700BD5145 /* tunnel_vpn */ = {
			isa = PBXGroup;
			children = (
				6FBCEB242B47B27E007D4FBE /* tunnel_vpnDebug.entitlements */,
				6FC44B5B2B07356700FB0E6D /* Resources */,
				6FF0EF1E2A0DDD8200BD5145 /* tunnel_vpn.entitlements */,
				6FF0EF052A0DDC8700BD5145 /* AppDelegate.h */,
				6FF0EF062A0DDC8700BD5145 /* AppDelegate.m */,
				6FF0EF082A0DDC8700BD5145 /* SceneDelegate.h */,
				6FF0EF092A0DDC8700BD5145 /* SceneDelegate.m */,
				6FF0EF0B2A0DDC8700BD5145 /* ViewController.h */,
				6FF0EF0C2A0DDC8700BD5145 /* ViewController.m */,
				6FC44B562B07337300FB0E6D /* MyHTTPConnection.h */,
				6FC44B552B07337300FB0E6D /* MyHTTPConnection.m */,
				6FC44B592B07339D00FB0E6D /* MyWebSocket.h */,
				6FC44B582B07339D00FB0E6D /* MyWebSocket.m */,
				6FD800C32B0DFB6300DE9000 /* ConnectorWebSocket.h */,
				6FD800C42B0DFB6300DE9000 /* ConnectorWebSocket.m */,
				6FFCDE702B1471DC00F82A23 /* SharedSocketsManager.h */,
				6FFCDE712B1471DC00F82A23 /* SharedSocketsManager.m */,
				6FF0EF0E2A0DDC8700BD5145 /* Main.storyboard */,
				6FF0EF112A0DDC8900BD5145 /* Assets.xcassets */,
				6FF0EF132A0DDC8900BD5145 /* LaunchScreen.storyboard */,
				6FF0EF162A0DDC8900BD5145 /* Info.plist */,
				6FF0EF172A0DDC8900BD5145 /* main.m */,
			);
			path = tunnel_vpn;
			sourceTree = "<group>";
		};
		6FF0EF242A0DDDC600BD5145 /* Frameworks */ = {
			isa = PBXGroup;
			children = (
				6FF0EF342A0DDE3900BD5145 /* Network.framework */,
				6FF0EF252A0DDDC600BD5145 /* NetworkExtension.framework */,
			);
			name = Frameworks;
			sourceTree = "<group>";
		};
		6FF0EF272A0DDDC700BD5145 /* tunnelVPN */ = {
			isa = PBXGroup;
			children = (
				6FBCEB252B47B2A0007D4FBE /* tunnelVPNDebug.entitlements */,
				6FF0EF282A0DDDC700BD5145 /* PacketTunnelProvider.h */,
				6FF0EF292A0DDDC700BD5145 /* PacketTunnelProvider.m */,
				6F36BE812AFCA89B00F7EEA7 /* Packet.h */,
				6FF0EF2B2A0DDDC700BD5145 /* Info.plist */,
				6FF0EF2C2A0DDDC700BD5145 /* tunnelVPN.entitlements */,
			);
			path = tunnelVPN;
			sourceTree = "<group>";
		};
		6FF0EF362A0E07BA00BD5145 /* share */ = {
			isa = PBXGroup;
			children = (
				6FC44B6E2B0744FB00FB0E6D /* HP_SocketRocket */,
				6F9464AF2A85D2C200575DA5 /* NSData+HexString.h */,
				6F9464AE2A85D2C200575DA5 /* NSData+HexString.m */,
				6FC44B0B2B07133A00FB0E6D /* Core */,
				6FF0EF372A0E07BA00BD5145 /* CocoaAsyncSocket */,
			);
			path = share;
			sourceTree = "<group>";
		};
		6FF0EF372A0E07BA00BD5145 /* CocoaAsyncSocket */ = {
			isa = PBXGroup;
			children = (
				6FF0EF382A0E07BA00BD5145 /* GCD */,
				6FF0EF3E2A0E07BA00BD5145 /* CocoaAsyncSocket.h */,
				6FF0EF402A0E07BA00BD5145 /* Vendor */,
			);
			path = CocoaAsyncSocket;
			sourceTree = "<group>";
		};
		6FF0EF382A0E07BA00BD5145 /* GCD */ = {
			isa = PBXGroup;
			children = (
				6FF0EF392A0E07BA00BD5145 /* Documentation.html */,
				6FF0EF3A2A0E07BA00BD5145 /* GCDAsyncUdpSocket.m */,
				6FF0EF3B2A0E07BA00BD5145 /* GCDAsyncSocket.m */,
				6FF0EF3C2A0E07BA00BD5145 /* GCDAsyncUdpSocket.h */,
				6FF0EF3D2A0E07BA00BD5145 /* GCDAsyncSocket.h */,
			);
			path = GCD;
			sourceTree = "<group>";
		};
		6FF0EF402A0E07BA00BD5145 /* Vendor */ = {
			isa = PBXGroup;
			children = (
				6FF0EF412A0E07BA00BD5145 /* CocoaLumberjack */,
			);
			path = Vendor;
			sourceTree = "<group>";
		};
		6FF0EF412A0E07BA00BD5145 /* CocoaLumberjack */ = {
			isa = PBXGroup;
			children = (
				6FF0EF422A0E07BA00BD5145 /* DDTTYLogger.m */,
				6FF0EF432A0E07BA00BD5145 /* DDLog.h */,
				6FF0EF442A0E07BA00BD5145 /* DDAbstractDatabaseLogger.h */,
				6FF0EF452A0E07BA00BD5145 /* DDASLLogger.m */,
				6FF0EF462A0E07BA00BD5145 /* DDFileLogger.h */,
				6FF0EF472A0E07BA00BD5145 /* Extensions */,
				6FF0EF4F2A0E07BA00BD5145 /* DDLog.m */,
				6FF0EF502A0E07BA00BD5145 /* DDTTYLogger.h */,
				6FF0EF512A0E07BA00BD5145 /* DDLog+LOGV.h */,
				6FF0EF522A0E07BA00BD5145 /* DDAbstractDatabaseLogger.m */,
				6FF0EF532A0E07BA00BD5145 /* DDFileLogger.m */,
				6FF0EF542A0E07BA00BD5145 /* DDASLLogger.h */,
			);
			path = CocoaLumberjack;
			sourceTree = "<group>";
		};
		6FF0EF472A0E07BA00BD5145 /* Extensions */ = {
			isa = PBXGroup;
			children = (
				6FF0EF482A0E07BA00BD5145 /* DDContextFilterLogFormatter.m */,
				6FF0EF492A0E07BA00BD5145 /* DDDispatchQueueLogFormatter.m */,
				6FF0EF4A2A0E07BA00BD5145 /* DDMultiFormatter.h */,
				6FF0EF4B2A0E07BA00BD5145 /* DDContextFilterLogFormatter.h */,
				6FF0EF4C2A0E07BA00BD5145 /* DDMultiFormatter.m */,
				6FF0EF4D2A0E07BA00BD5145 /* DDDispatchQueueLogFormatter.h */,
				6FF0EF4E2A0E07BA00BD5145 /* README.txt */,
			);
			path = Extensions;
			sourceTree = "<group>";
		};
/* End PBXGroup section */

/* Begin PBXNativeTarget section */
		6FF0EF012A0DDC8700BD5145 /* tunnel_vpn */ = {
			isa = PBXNativeTarget;
			buildConfigurationList = 6FF0EF1B2A0DDC8900BD5145 /* Build configuration list for PBXNativeTarget "tunnel_vpn" */;
			buildPhases = (
				6FF0EEFE2A0DDC8700BD5145 /* Sources */,
				6FF0EEFF2A0DDC8700BD5145 /* Frameworks */,
				6FF0EF002A0DDC8700BD5145 /* Resources */,
				6FF0EF332A0DDDC700BD5145 /* Embed Foundation Extensions */,
			);
			buildRules = (
			);
			dependencies = (
				6FF0EF2E2A0DDDC700BD5145 /* PBXTargetDependency */,
			);
			name = tunnel_vpn;
			productName = tunnel_vpn;
			productReference = 6FF0EF022A0DDC8700BD5145 /* tunnel_vpn.app */;
			productType = "com.apple.product-type.application";
		};
		6FF0EF222A0DDDC600BD5145 /* tunnelVPN */ = {
			isa = PBXNativeTarget;
			buildConfigurationList = 6FF0EF302A0DDDC700BD5145 /* Build configuration list for PBXNativeTarget "tunnelVPN" */;
			buildPhases = (
				6FF0EF1F2A0DDDC600BD5145 /* Sources */,
				6FF0EF202A0DDDC600BD5145 /* Frameworks */,
				6FF0EF212A0DDDC600BD5145 /* Resources */,
			);
			buildRules = (
			);
			dependencies = (
			);
			name = tunnelVPN;
			productName = tunnelVPN;
			productReference = 6FF0EF232A0DDDC600BD5145 /* tunnelVPN.appex */;
			productType = "com.apple.product-type.app-extension";
		};
/* End PBXNativeTarget section */

/* Begin PBXProject section */
		6FF0EEFA2A0DDC8700BD5145 /* Project object */ = {
			isa = PBXProject;
			attributes = {
				BuildIndependentTargetsInParallel = 1;
				LastUpgradeCheck = 1430;
				TargetAttributes = {
					6FF0EF012A0DDC8700BD5145 = {
						CreatedOnToolsVersion = 14.3;
						LastSwiftMigration = 1430;
					};
					6FF0EF222A0DDDC600BD5145 = {
						CreatedOnToolsVersion = 14.3;
						LastSwiftMigration = 1430;
					};
				};
			};
			buildConfigurationList = 6FF0EEFD2A0DDC8700BD5145 /* Build configuration list for PBXProject "tunnel_vpn" */;
			compatibilityVersion = "Xcode 14.0";
			developmentRegion = en;
			hasScannedForEncodings = 0;
			knownRegions = (
				en,
				Base,
			);
			mainGroup = 6FF0EEF92A0DDC8700BD5145;
			productRefGroup = 6FF0EF032A0DDC8700BD5145 /* Products */;
			projectDirPath = "";
			projectRoot = "";
			targets = (
				6FF0EF012A0DDC8700BD5145 /* tunnel_vpn */,
				6FF0EF222A0DDDC600BD5145 /* tunnelVPN */,
			);
		};
/* End PBXProject section */

/* Begin PBXResourcesBuildPhase section */
		6FF0EF002A0DDC8700BD5145 /* Resources */ = {
			isa = PBXResourcesBuildPhase;
			buildActionMask = 2147483647;
			files = (
				6FF0EF152A0DDC8900BD5145 /* LaunchScreen.storyboard in Resources */,
				6FF0EF122A0DDC8900BD5145 /* Assets.xcassets in Resources */,
				6FF0EF102A0DDC8700BD5145 /* Main.storyboard in Resources */,
				6FC44B6A2B073FEE00FB0E6D /* Web in Resources */,
				6FF0EF672A0E07BA00BD5145 /* README.txt in Resources */,
				6FF0EF552A0E07BA00BD5145 /* Documentation.html in Resources */,
			);
			runOnlyForDeploymentPostprocessing = 0;
		};
		6FF0EF212A0DDDC600BD5145 /* Resources */ = {
			isa = PBXResourcesBuildPhase;
			buildActionMask = 2147483647;
			files = (
				6FF0EF682A0E07BA00BD5145 /* README.txt in Resources */,
				6FF0EF562A0E07BA00BD5145 /* Documentation.html in Resources */,
			);
			runOnlyForDeploymentPostprocessing = 0;
		};
/* End PBXResourcesBuildPhase section */

/* Begin PBXSourcesBuildPhase section */
		6FF0EEFE2A0DDC8700BD5145 /* Sources */ = {
			isa = PBXSourcesBuildPhase;
			buildActionMask = 2147483647;
			files = (
				6FF0EF692A0E07BA00BD5145 /* DDLog.m in Sources */,
				6FF0EF5F2A0E07BA00BD5145 /* DDASLLogger.m in Sources */,
				6FC44B412B07133A00FB0E6D /* HTTPConnection.m in Sources */,
				6FC44B572B07337300FB0E6D /* MyHTTPConnection.m in Sources */,
				6FC44B4F2B07133A00FB0E6D /* DDData.m in Sources */,
				6FC44B4B2B07133A00FB0E6D /* HTTPAuthenticationRequest.m in Sources */,
				6FF0EF592A0E07BA00BD5145 /* GCDAsyncSocket.m in Sources */,
				6FF0EF6D2A0E07BA00BD5145 /* DDFileLogger.m in Sources */,
				6FC44B432B07133A00FB0E6D /* WebSocket.m in Sources */,
				6FC44B5A2B07339D00FB0E6D /* MyWebSocket.m in Sources */,
				6FC44B512B07133A00FB0E6D /* DDRange.m in Sources */,
				6FC44B492B07133A00FB0E6D /* MultipartMessageHeader.m in Sources */,
				6FC44B772B0744FB00FB0E6D /* NSData+SRB64Additions.m in Sources */,
				6FF0EF0D2A0DDC8700BD5145 /* ViewController.m in Sources */,
				6FC44B3D2B07133A00FB0E6D /* HTTPRedirectResponse.m in Sources */,
				6FF0EF612A0E07BA00BD5145 /* DDContextFilterLogFormatter.m in Sources */,
				6FF0EF572A0E07BA00BD5145 /* GCDAsyncUdpSocket.m in Sources */,
				6FFCDE722B1471DC00F82A23 /* SharedSocketsManager.m in Sources */,
				6FC44B792B0744FB00FB0E6D /* base64.c in Sources */,
				6FC44B332B07133A00FB0E6D /* HTTPErrorResponse.m in Sources */,
				6FC44B3F2B07133A00FB0E6D /* HTTPMessage.m in Sources */,
				6FC44B372B07133A00FB0E6D /* HTTPDynamicFileResponse.m in Sources */,
				6FF0EF072A0DDC8700BD5145 /* AppDelegate.m in Sources */,
				6FF0EF182A0DDC8900BD5145 /* main.m in Sources */,
				6FD800C52B0DFB6400DE9000 /* ConnectorWebSocket.m in Sources */,
				6FF0EF652A0E07BA00BD5145 /* DDMultiFormatter.m in Sources */,
				6FC44B4D2B07133A00FB0E6D /* DDNumber.m in Sources */,
				6F9464B02A85D2C200575DA5 /* NSData+HexString.m in Sources */,
				6FF0EF6B2A0E07BA00BD5145 /* DDAbstractDatabaseLogger.m in Sources */,
				6FF0EF632A0E07BA00BD5145 /* DDDispatchQueueLogFormatter.m in Sources */,
				6FC44B3B2B07133A00FB0E6D /* HTTPAsyncFileResponse.m in Sources */,
				6FC44B352B07133A00FB0E6D /* HTTPDataResponse.m in Sources */,
				6FF0EF5D2A0E07BA00BD5145 /* DDTTYLogger.m in Sources */,
				6FC44B392B07133A00FB0E6D /* HTTPFileResponse.m in Sources */,
				6FC44B452B07133A00FB0E6D /* MultipartMessageHeaderField.m in Sources */,
				6FF0EF0A2A0DDC8700BD5145 /* SceneDelegate.m in Sources */,
				6FC44B752B0744FB00FB0E6D /* SRWebSocket.m in Sources */,
				6FC44B532B07133A00FB0E6D /* HTTPServer.m in Sources */,
				6FC44B472B07133A00FB0E6D /* MultipartFormDataParser.m in Sources */,
			);
			runOnlyForDeploymentPostprocessing = 0;
		};
		6FF0EF1F2A0DDDC600BD5145 /* Sources */ = {
			isa = PBXSourcesBuildPhase;
			buildActionMask = 2147483647;
			files = (
				6FC44B4C2B07133A00FB0E6D /* HTTPAuthenticationRequest.m in Sources */,
				6FF0EF5A2A0E07BA00BD5145 /* GCDAsyncSocket.m in Sources */,
				6FC44B542B07133A00FB0E6D /* HTTPServer.m in Sources */,
				6FF0EF6E2A0E07BA00BD5145 /* DDFileLogger.m in Sources */,
				6FC44B502B07133A00FB0E6D /* DDData.m in Sources */,
				6FC44B382B07133A00FB0E6D /* HTTPDynamicFileResponse.m in Sources */,
				6FC44B4A2B07133A00FB0E6D /* MultipartMessageHeader.m in Sources */,
				6FF0EF5E2A0E07BA00BD5145 /* DDTTYLogger.m in Sources */,
				6FC44B3C2B07133A00FB0E6D /* HTTPAsyncFileResponse.m in Sources */,
				6F9464B12A85D2C200575DA5 /* NSData+HexString.m in Sources */,
				6FC44B522B07133A00FB0E6D /* DDRange.m in Sources */,
				6FC44B342B07133A00FB0E6D /* HTTPErrorResponse.m in Sources */,
				6FC44B762B0744FB00FB0E6D /* SRWebSocket.m in Sources */,
				6FC44B782B0744FB00FB0E6D /* NSData+SRB64Additions.m in Sources */,
				6FF0EF642A0E07BA00BD5145 /* DDDispatchQueueLogFormatter.m in Sources */,
				6FC44B3E2B07133A00FB0E6D /* HTTPRedirectResponse.m in Sources */,
				6FF0EF582A0E07BA00BD5145 /* GCDAsyncUdpSocket.m in Sources */,
				6FF0EF6C2A0E07BA00BD5145 /* DDAbstractDatabaseLogger.m in Sources */,
				6FF0EF662A0E07BA00BD5145 /* DDMultiFormatter.m in Sources */,
				6FF0EF622A0E07BA00BD5145 /* DDContextFilterLogFormatter.m in Sources */,
				6FF0EF6A2A0E07BA00BD5145 /* DDLog.m in Sources */,
				6FC44B3A2B07133A00FB0E6D /* HTTPFileResponse.m in Sources */,
				6FC44B402B07133A00FB0E6D /* HTTPMessage.m in Sources */,
				6FC44B462B07133A00FB0E6D /* MultipartMessageHeaderField.m in Sources */,
				6FF0EF2A2A0DDDC700BD5145 /* PacketTunnelProvider.m in Sources */,
				6FC44B442B07133A00FB0E6D /* WebSocket.m in Sources */,
				6FC44B362B07133A00FB0E6D /* HTTPDataResponse.m in Sources */,
				6FC44B4E2B07133A00FB0E6D /* DDNumber.m in Sources */,
				6FC44B482B07133A00FB0E6D /* MultipartFormDataParser.m in Sources */,
				6FF0EF602A0E07BA00BD5145 /* DDASLLogger.m in Sources */,
				6FC44B7A2B0744FB00FB0E6D /* base64.c in Sources */,
				6FC44B422B07133A00FB0E6D /* HTTPConnection.m in Sources */,
			);
			runOnlyForDeploymentPostprocessing = 0;
		};
/* End PBXSourcesBuildPhase section */

/* Begin PBXTargetDependency section */
		6FF0EF2E2A0DDDC700BD5145 /* PBXTargetDependency */ = {
			isa = PBXTargetDependency;
			target = 6FF0EF222A0DDDC600BD5145 /* tunnelVPN */;
			targetProxy = 6FF0EF2D2A0DDDC700BD5145 /* PBXContainerItemProxy */;
		};
/* End PBXTargetDependency section */

/* Begin PBXVariantGroup section */
		6FF0EF0E2A0DDC8700BD5145 /* Main.storyboard */ = {
			isa = PBXVariantGroup;
			children = (
				6FF0EF0F2A0DDC8700BD5145 /* Base */,
			);
			name = Main.storyboard;
			sourceTree = "<group>";
		};
		6FF0EF132A0DDC8900BD5145 /* LaunchScreen.storyboard */ = {
			isa = PBXVariantGroup;
			children = (
				6FF0EF142A0DDC8900BD5145 /* Base */,
			);
			name = LaunchScreen.storyboard;
			sourceTree = "<group>";
		};
/* End PBXVariantGroup section */

/* Begin XCBuildConfiguration section */
		6FF0EF192A0DDC8900BD5145 /* Debug */ = {
			isa = XCBuildConfiguration;
			buildSettings = {
				ALWAYS_SEARCH_USER_PATHS = NO;
				CLANG_ANALYZER_NONNULL = YES;
				CLANG_ANALYZER_NUMBER_OBJECT_CONVERSION = YES_AGGRESSIVE;
				CLANG_CXX_LANGUAGE_STANDARD = "gnu++20";
				CLANG_ENABLE_MODULES = YES;
				CLANG_ENABLE_OBJC_ARC = YES;
				CLANG_ENABLE_OBJC_WEAK = YES;
				CLANG_WARN_BLOCK_CAPTURE_AUTORELEASING = YES;
				CLANG_WARN_BOOL_CONVERSION = YES;
				CLANG_WARN_COMMA = YES;
				CLANG_WARN_CONSTANT_CONVERSION = YES;
				CLANG_WARN_DEPRECATED_OBJC_IMPLEMENTATIONS = YES;
				CLANG_WARN_DIRECT_OBJC_ISA_USAGE = YES_ERROR;
				CLANG_WARN_DOCUMENTATION_COMMENTS = YES;
				CLANG_WARN_EMPTY_BODY = YES;
				CLANG_WARN_ENUM_CONVERSION = YES;
				CLANG_WARN_INFINITE_RECURSION = YES;
				CLANG_WARN_INT_CONVERSION = YES;
				CLANG_WARN_NON_LITERAL_NULL_CONVERSION = YES;
				CLANG_WARN_OBJC_IMPLICIT_RETAIN_SELF = YES;
				CLANG_WARN_OBJC_LITERAL_CONVERSION = YES;
				CLANG_WARN_OBJC_ROOT_CLASS = YES_ERROR;
				CLANG_WARN_QUOTED_INCLUDE_IN_FRAMEWORK_HEADER = YES;
				CLANG_WARN_RANGE_LOOP_ANALYSIS = YES;
				CLANG_WARN_STRICT_PROTOTYPES = YES;
				CLANG_WARN_SUSPICIOUS_MOVE = YES;
				CLANG_WARN_UNGUARDED_AVAILABILITY = YES_AGGRESSIVE;
				CLANG_WARN_UNREACHABLE_CODE = YES;
				CLANG_WARN__DUPLICATE_METHOD_MATCH = YES;
				COPY_PHASE_STRIP = NO;
				DEBUG_INFORMATION_FORMAT = dwarf;
				ENABLE_STRICT_OBJC_MSGSEND = YES;
				ENABLE_TESTABILITY = YES;
				GCC_C_LANGUAGE_STANDARD = gnu11;
				GCC_DYNAMIC_NO_PIC = NO;
				GCC_NO_COMMON_BLOCKS = YES;
				GCC_OPTIMIZATION_LEVEL = 0;
				GCC_PREPROCESSOR_DEFINITIONS = (
					"DEBUG=1",
					"$(inherited)",
				);
				GCC_WARN_64_TO_32_BIT_CONVERSION = YES;
				GCC_WARN_ABOUT_RETURN_TYPE = YES_ERROR;
				GCC_WARN_UNDECLARED_SELECTOR = YES;
				GCC_WARN_UNINITIALIZED_AUTOS = YES_AGGRESSIVE;
				GCC_WARN_UNUSED_FUNCTION = YES;
				GCC_WARN_UNUSED_VARIABLE = YES;
				IPHONEOS_DEPLOYMENT_TARGET = 11.0;
				MTL_ENABLE_DEBUG_INFO = INCLUDE_SOURCE;
				MTL_FAST_MATH = YES;
				ONLY_ACTIVE_ARCH = YES;
				SDKROOT = iphoneos;
			};
			name = Debug;
		};
		6FF0EF1A2A0DDC8900BD5145 /* Release */ = {
			isa = XCBuildConfiguration;
			buildSettings = {
				ALWAYS_SEARCH_USER_PATHS = NO;
				CLANG_ANALYZER_NONNULL = YES;
				CLANG_ANALYZER_NUMBER_OBJECT_CONVERSION = YES_AGGRESSIVE;
				CLANG_CXX_LANGUAGE_STANDARD = "gnu++20";
				CLANG_ENABLE_MODULES = YES;
				CLANG_ENABLE_OBJC_ARC = YES;
				CLANG_ENABLE_OBJC_WEAK = YES;
				CLANG_WARN_BLOCK_CAPTURE_AUTORELEASING = YES;
				CLANG_WARN_BOOL_CONVERSION = YES;
				CLANG_WARN_COMMA = YES;
				CLANG_WARN_CONSTANT_CONVERSION = YES;
				CLANG_WARN_DEPRECATED_OBJC_IMPLEMENTATIONS = YES;
				CLANG_WARN_DIRECT_OBJC_ISA_USAGE = YES_ERROR;
				CLANG_WARN_DOCUMENTATION_COMMENTS = YES;
				CLANG_WARN_EMPTY_BODY = YES;
				CLANG_WARN_ENUM_CONVERSION = YES;
				CLANG_WARN_INFINITE_RECURSION = YES;
				CLANG_WARN_INT_CONVERSION = YES;
				CLANG_WARN_NON_LITERAL_NULL_CONVERSION = YES;
				CLANG_WARN_OBJC_IMPLICIT_RETAIN_SELF = YES;
				CLANG_WARN_OBJC_LITERAL_CONVERSION = YES;
				CLANG_WARN_OBJC_ROOT_CLASS = YES_ERROR;
				CLANG_WARN_QUOTED_INCLUDE_IN_FRAMEWORK_HEADER = YES;
				CLANG_WARN_RANGE_LOOP_ANALYSIS = YES;
				CLANG_WARN_STRICT_PROTOTYPES = YES;
				CLANG_WARN_SUSPICIOUS_MOVE = YES;
				CLANG_WARN_UNGUARDED_AVAILABILITY = YES_AGGRESSIVE;
				CLANG_WARN_UNREACHABLE_CODE = YES;
				CLANG_WARN__DUPLICATE_METHOD_MATCH = YES;
				COPY_PHASE_STRIP = NO;
				DEBUG_INFORMATION_FORMAT = "dwarf-with-dsym";
				ENABLE_NS_ASSERTIONS = NO;
				ENABLE_STRICT_OBJC_MSGSEND = YES;
				GCC_C_LANGUAGE_STANDARD = gnu11;
				GCC_NO_COMMON_BLOCKS = YES;
				GCC_WARN_64_TO_32_BIT_CONVERSION = YES;
				GCC_WARN_ABOUT_RETURN_TYPE = YES_ERROR;
				GCC_WARN_UNDECLARED_SELECTOR = YES;
				GCC_WARN_UNINITIALIZED_AUTOS = YES_AGGRESSIVE;
				GCC_WARN_UNUSED_FUNCTION = YES;
				GCC_WARN_UNUSED_VARIABLE = YES;
				IPHONEOS_DEPLOYMENT_TARGET = 11.0;
				MTL_ENABLE_DEBUG_INFO = NO;
				MTL_FAST_MATH = YES;
				SDKROOT = iphoneos;
				VALIDATE_PRODUCT = YES;
			};
			name = Release;
		};
		6FF0EF1C2A0DDC8900BD5145 /* Debug */ = {
			isa = XCBuildConfiguration;
			buildSettings = {
				ASSETCATALOG_COMPILER_APPICON_NAME = AppIcon;
				ASSETCATALOG_COMPILER_GLOBAL_ACCENT_COLOR_NAME = AccentColor;
				CLANG_ENABLE_MODULES = YES;
				CODE_SIGN_ENTITLEMENTS = tunnel_vpn/tunnel_vpnDebug.entitlements;
				CODE_SIGN_IDENTITY = "Apple Development";
				CODE_SIGN_STYLE = Automatic;
				CURRENT_PROJECT_VERSION = 1;
				DEFINES_MODULE = YES;
				DEVELOPMENT_TEAM = 6D9BQ629VP;
				GENERATE_INFOPLIST_FILE = YES;
				INFOPLIST_FILE = tunnel_vpn/Info.plist;
				INFOPLIST_KEY_UIApplicationSupportsIndirectInputEvents = YES;
				INFOPLIST_KEY_UILaunchStoryboardName = LaunchScreen;
				INFOPLIST_KEY_UIMainStoryboardFile = Main;
				INFOPLIST_KEY_UISupportedInterfaceOrientations_iPad = "UIInterfaceOrientationPortrait UIInterfaceOrientationPortraitUpsideDown UIInterfaceOrientationLandscapeLeft UIInterfaceOrientationLandscapeRight";
				INFOPLIST_KEY_UISupportedInterfaceOrientations_iPhone = "UIInterfaceOrientationPortrait UIInterfaceOrientationLandscapeLeft UIInterfaceOrientationLandscapeRight";
				IPHONEOS_DEPLOYMENT_TARGET = 11.0;
				LD_RUNPATH_SEARCH_PATHS = (
					"$(inherited)",
					"@executable_path/Frameworks",
				);
				MARKETING_VERSION = 1.0;
				PRODUCT_BUNDLE_IDENTIFIER = "com.opentext.harris.tunnel-vpn";
				PRODUCT_NAME = "$(TARGET_NAME)";
				PROVISIONING_PROFILE_SPECIFIER = "";
				SWIFT_EMIT_LOC_STRINGS = YES;
				SWIFT_OBJC_BRIDGING_HEADER = "";
				SWIFT_OPTIMIZATION_LEVEL = "-Onone";
				SWIFT_VERSION = 5.0;
				TARGETED_DEVICE_FAMILY = "1,2";
			};
			name = Debug;
		};
		6FF0EF1D2A0DDC8900BD5145 /* Release */ = {
			isa = XCBuildConfiguration;
			buildSettings = {
				ASSETCATALOG_COMPILER_APPICON_NAME = AppIcon;
				ASSETCATALOG_COMPILER_GLOBAL_ACCENT_COLOR_NAME = AccentColor;
				CLANG_ENABLE_MODULES = YES;
				CODE_SIGN_ENTITLEMENTS = tunnel_vpn/tunnel_vpn.entitlements;
				"CODE_SIGN_IDENTITY[sdk=iphoneos*]" = "iPhone Developer";
				CODE_SIGN_STYLE = Manual;
				CURRENT_PROJECT_VERSION = 1;
				DEFINES_MODULE = YES;
				DEVELOPMENT_TEAM = "";
				"DEVELOPMENT_TEAM[sdk=iphoneos*]" = 6D9BQ629VP;
				GENERATE_INFOPLIST_FILE = YES;
				INFOPLIST_FILE = tunnel_vpn/Info.plist;
				INFOPLIST_KEY_UIApplicationSupportsIndirectInputEvents = YES;
				INFOPLIST_KEY_UILaunchStoryboardName = LaunchScreen;
				INFOPLIST_KEY_UIMainStoryboardFile = Main;
				INFOPLIST_KEY_UISupportedInterfaceOrientations_iPad = "UIInterfaceOrientationPortrait UIInterfaceOrientationPortraitUpsideDown UIInterfaceOrientationLandscapeLeft UIInterfaceOrientationLandscapeRight";
				INFOPLIST_KEY_UISupportedInterfaceOrientations_iPhone = "UIInterfaceOrientationPortrait UIInterfaceOrientationLandscapeLeft UIInterfaceOrientationLandscapeRight";
				IPHONEOS_DEPLOYMENT_TARGET = 11.0;
				LD_RUNPATH_SEARCH_PATHS = (
					"$(inherited)",
					"@executable_path/Frameworks",
				);
				MARKETING_VERSION = 1.0;
				PRODUCT_BUNDLE_IDENTIFIER = "com.opentext.harris.tunnel-vpn";
				PRODUCT_NAME = "$(TARGET_NAME)";
				PROVISIONING_PROFILE_SPECIFIER = "";
				"PROVISIONING_PROFILE_SPECIFIER[sdk=iphoneos*]" = tunnel_vpn_profile;
				SWIFT_EMIT_LOC_STRINGS = YES;
				SWIFT_OBJC_BRIDGING_HEADER = "";
				SWIFT_VERSION = 5.0;
				TARGETED_DEVICE_FAMILY = "1,2";
			};
			name = Release;
		};
		6FF0EF312A0DDDC700BD5145 /* Debug */ = {
			isa = XCBuildConfiguration;
			buildSettings = {
				CLANG_ENABLE_MODULES = YES;
				CODE_SIGN_ENTITLEMENTS = tunnelVPN/tunnelVPNDebug.entitlements;
				CODE_SIGN_IDENTITY = "Apple Development";
				CODE_SIGN_STYLE = Automatic;
				CURRENT_PROJECT_VERSION = 1;
				DEFINES_MODULE = YES;
				DEVELOPMENT_TEAM = 6D9BQ629VP;
				GENERATE_INFOPLIST_FILE = YES;
				INFOPLIST_FILE = tunnelVPN/Info.plist;
				INFOPLIST_KEY_CFBundleDisplayName = tunnelVPN;
				INFOPLIST_KEY_NSHumanReadableCopyright = "";
				IPHONEOS_DEPLOYMENT_TARGET = 11.0;
				LD_RUNPATH_SEARCH_PATHS = (
					"$(inherited)",
					"@executable_path/Frameworks",
					"@executable_path/../../Frameworks",
				);
				MARKETING_VERSION = 1.0;
				PRODUCT_BUNDLE_IDENTIFIER = "com.opentext.harris.tunnel-vpn.tunnelVPN";
				PRODUCT_NAME = "$(TARGET_NAME)";
				PROVISIONING_PROFILE_SPECIFIER = "";
				SKIP_INSTALL = YES;
				SWIFT_EMIT_LOC_STRINGS = YES;
				SWIFT_OBJC_BRIDGING_HEADER = "share/tunnelVPN-Bridging-Header.h";
				SWIFT_OPTIMIZATION_LEVEL = "-Onone";
				SWIFT_VERSION = 5.0;
				TARGETED_DEVICE_FAMILY = "1,2";
			};
			name = Debug;
		};
		6FF0EF322A0DDDC700BD5145 /* Release */ = {
			isa = XCBuildConfiguration;
			buildSettings = {
				CLANG_ENABLE_MODULES = YES;
				CODE_SIGN_ENTITLEMENTS = tunnelVPN/tunnelVPN.entitlements;
				CODE_SIGN_IDENTITY = "Apple Development";
				CODE_SIGN_STYLE = Automatic;
				CURRENT_PROJECT_VERSION = 1;
				DEFINES_MODULE = YES;
				DEVELOPMENT_TEAM = 6D9BQ629VP;
				GENERATE_INFOPLIST_FILE = YES;
				INFOPLIST_FILE = tunnelVPN/Info.plist;
				INFOPLIST_KEY_CFBundleDisplayName = tunnelVPN;
				INFOPLIST_KEY_NSHumanReadableCopyright = "";
				IPHONEOS_DEPLOYMENT_TARGET = 11.0;
				LD_RUNPATH_SEARCH_PATHS = (
					"$(inherited)",
					"@executable_path/Frameworks",
					"@executable_path/../../Frameworks",
				);
				MARKETING_VERSION = 1.0;
				PRODUCT_BUNDLE_IDENTIFIER = "com.opentext.harris.tunnel-vpn.tunnelVPN";
				PRODUCT_NAME = "$(TARGET_NAME)";
				PROVISIONING_PROFILE_SPECIFIER = "";
				SKIP_INSTALL = YES;
				SWIFT_EMIT_LOC_STRINGS = YES;
				SWIFT_OBJC_BRIDGING_HEADER = "share/tunnelVPN-Bridging-Header.h";
				SWIFT_VERSION = 5.0;
				TARGETED_DEVICE_FAMILY = "1,2";
			};
			name = Release;
		};
/* End XCBuildConfiguration section */

/* Begin XCConfigurationList section */
		6FF0EEFD2A0DDC8700BD5145 /* Build configuration list for PBXProject "tunnel_vpn" */ = {
			isa = XCConfigurationList;
			buildConfigurations = (
				6FF0EF192A0DDC8900BD5145 /* Debug */,
				6FF0EF1A2A0DDC8900BD5145 /* Release */,
			);
			defaultConfigurationIsVisible = 0;
			defaultConfigurationName = Release;
		};
		6FF0EF1B2A0DDC8900BD5145 /* Build configuration list for PBXNativeTarget "tunnel_vpn" */ = {
			isa = XCConfigurationList;
			buildConfigurations = (
				6FF0EF1C2A0DDC8900BD5145 /* Debug */,
				6FF0EF1D2A0DDC8900BD5145 /* Release */,
			);
			defaultConfigurationIsVisible = 0;
			defaultConfigurationName = Release;
		};
		6FF0EF302A0DDDC700BD5145 /* Build configuration list for PBXNativeTarget "tunnelVPN" */ = {
			isa = XCConfigurationList;
			buildConfigurations = (
				6FF0EF312A0DDDC700BD5145 /* Debug */,
				6FF0EF322A0DDDC700BD5145 /* Release */,
			);
			defaultConfigurationIsVisible = 0;
			defaultConfigurationName = Release;
		};
/* End XCConfigurationList section */
	};
	rootObject = 6FF0EEFA2A0DDC8700BD5145 /* Project object */;
}
