// !$*UTF8*$!
{
	archiveVersion = 1;
	classes = {
	};
	objectVersion = 56;
	objects = {

/* Begin PBXBuildFile section */
		6FF0EF072A0DDC8700BD5145 /* AppDelegate.m in Sources */ = {isa = PBXBuildFile; fileRef = 6FF0EF062A0DDC8700BD5145 /* AppDelegate.m */; };
		6FF0EF0A2A0DDC8700BD5145 /* SceneDelegate.m in Sources */ = {isa = PBXBuildFile; fileRef = 6FF0EF092A0DDC8700BD5145 /* SceneDelegate.m */; };
		6FF0EF0D2A0DDC8700BD5145 /* ViewController.m in Sources */ = {isa = PBXBuildFile; fileRef = 6FF0EF0C2A0DDC8700BD5145 /* ViewController.m */; };
		6FF0EF102A0DDC8700BD5145 /* Main.storyboard in Resources */ = {isa = PBXBuildFile; fileRef = 6FF0EF0E2A0DDC8700BD5145 /* Main.storyboard */; };
		6FF0EF122A0DDC8900BD5145 /* Assets.xcassets in Resources */ = {isa = PBXBuildFile; fileRef = 6FF0EF112A0DDC8900BD5145 /* Assets.xcassets */; };
		6FF0EF152A0DDC8900BD5145 /* LaunchScreen.storyboard in Resources */ = {isa = PBXBuildFile; fileRef = 6FF0EF132A0DDC8900BD5145 /* LaunchScreen.storyboard */; };
		6FF0EF182A0DDC8900BD5145 /* main.m in Sources */ = {isa = PBXBuildFile; fileRef = 6FF0EF172A0DDC8900BD5145 /* main.m */; };
/* End PBXBuildFile section */

/* Begin PBXFileReference section */
		6FF0EF022A0DDC8700BD5145 /* tunnel_vpn.app */ = {isa = PBXFileReference; explicitFileType = wrapper.application; includeInIndex = 0; path = tunnel_vpn.app; sourceTree = BUILT_PRODUCTS_DIR; };
		6FF0EF052A0DDC8700BD5145 /* AppDelegate.h */ = {isa = PBXFileReference; lastKnownFileType = sourcecode.c.h; path = AppDelegate.h; sourceTree = "<group>"; };
		6FF0EF062A0DDC8700BD5145 /* AppDelegate.m */ = {isa = PBXFileReference; lastKnownFileType = sourcecode.c.objc; path = AppDelegate.m; sourceTree = "<group>"; };
		6FF0EF082A0DDC8700BD5145 /* SceneDelegate.h */ = {isa = PBXFileReference; lastKnownFileType = sourcecode.c.h; path = SceneDelegate.h; sourceTree = "<group>"; };
		6FF0EF092A0DDC8700BD5145 /* SceneDelegate.m */ = {isa = PBXFileReference; lastKnownFileType = sourcecode.c.objc; path = SceneDelegate.m; sourceTree = "<group>"; };
		6FF0EF0B2A0DDC8700BD5145 /* ViewController.h */ = {isa = PBXFileReference; lastKnownFileType = sourcecode.c.h; path = ViewController.h; sourceTree = "<group>"; };
		6FF0EF0C2A0DDC8700BD5145 /* ViewController.m */ = {isa = PBXFileReference; lastKnownFileType = sourcecode.c.objc; path = ViewController.m; sourceTree = "<group>"; };
		6FF0EF0F2A0DDC8700BD5145 /* Base */ = {isa = PBXFileReference; lastKnownFileType = file.storyboard; name = Base; path = Base.lproj/Main.storyboard; sourceTree = "<group>"; };
		6FF0EF112A0DDC8900BD5145 /* Assets.xcassets */ = {isa = PBXFileReference; lastKnownFileType = folder.assetcatalog; path = Assets.xcassets; sourceTree = "<group>"; };
		6FF0EF142A0DDC8900BD5145 /* Base */ = {isa = PBXFileReference; lastKnownFileType = file.storyboard; name = Base; path = Base.lproj/LaunchScreen.storyboard; sourceTree = "<group>"; };
		6FF0EF162A0DDC8900BD5145 /* Info.plist */ = {isa = PBXFileReference; lastKnownFileType = text.plist.xml; path = Info.plist; sourceTree = "<group>"; };
		6FF0EF172A0DDC8900BD5145 /* main.m */ = {isa = PBXFileReference; lastKnownFileType = sourcecode.c.objc; path = main.m; sourceTree = "<group>"; };
/* End PBXFileReference section */

/* Begin PBXFrameworksBuildPhase section */
		6FF0EEFF2A0DDC8700BD5145 /* Frameworks */ = {
			isa = PBXFrameworksBuildPhase;
			buildActionMask = 2147483647;
			files = (
			);
			runOnlyForDeploymentPostprocessing = 0;
		};
/* End PBXFrameworksBuildPhase section */

/* Begin PBXGroup section */
		6FF0EEF92A0DDC8700BD5145 = {
			isa = PBXGroup;
			children = (
				6FF0EF042A0DDC8700BD5145 /* tunnel_vpn */,
				6FF0EF032A0DDC8700BD5145 /* Products */,
			);
			sourceTree = "<group>";
		};
		6FF0EF032A0DDC8700BD5145 /* Products */ = {
			isa = PBXGroup;
			children = (
				6FF0EF022A0DDC8700BD5145 /* tunnel_vpn.app */,
			);
			name = Products;
			sourceTree = "<group>";
		};
		6FF0EF042A0DDC8700BD5145 /* tunnel_vpn */ = {
			isa = PBXGroup;
			children = (
				6FF0EF052A0DDC8700BD5145 /* AppDelegate.h */,
				6FF0EF062A0DDC8700BD5145 /* AppDelegate.m */,
				6FF0EF082A0DDC8700BD5145 /* SceneDelegate.h */,
				6FF0EF092A0DDC8700BD5145 /* SceneDelegate.m */,
				6FF0EF0B2A0DDC8700BD5145 /* ViewController.h */,
				6FF0EF0C2A0DDC8700BD5145 /* ViewController.m */,
				6FF0EF0E2A0DDC8700BD5145 /* Main.storyboard */,
				6FF0EF112A0DDC8900BD5145 /* Assets.xcassets */,
				6FF0EF132A0DDC8900BD5145 /* LaunchScreen.storyboard */,
				6FF0EF162A0DDC8900BD5145 /* Info.plist */,
				6FF0EF172A0DDC8900BD5145 /* main.m */,
			);
			path = tunnel_vpn;
			sourceTree = "<group>";
		};
/* End PBXGroup section */

/* Begin PBXNativeTarget section */
		6FF0EF012A0DDC8700BD5145 /* tunnel_vpn */ = {
			isa = PBXNativeTarget;
			buildConfigurationList = 6FF0EF1B2A0DDC8900BD5145 /* Build configuration list for PBXNativeTarget "tunnel_vpn" */;
			buildPhases = (
				6FF0EEFE2A0DDC8700BD5145 /* Sources */,
				6FF0EEFF2A0DDC8700BD5145 /* Frameworks */,
				6FF0EF002A0DDC8700BD5145 /* Resources */,
			);
			buildRules = (
			);
			dependencies = (
			);
			name = tunnel_vpn;
			productName = tunnel_vpn;
			productReference = 6FF0EF022A0DDC8700BD5145 /* tunnel_vpn.app */;
			productType = "com.apple.product-type.application";
		};
/* End PBXNativeTarget section */

/* Begin PBXProject section */
		6FF0EEFA2A0DDC8700BD5145 /* Project object */ = {
			isa = PBXProject;
			attributes = {
				BuildIndependentTargetsInParallel = 1;
				LastUpgradeCheck = 1430;
				TargetAttributes = {
					6FF0EF012A0DDC8700BD5145 = {
						CreatedOnToolsVersion = 14.3;
					};
				};
			};
			buildConfigurationList = 6FF0EEFD2A0DDC8700BD5145 /* Build configuration list for PBXProject "tunnel_vpn" */;
			compatibilityVersion = "Xcode 14.0";
			developmentRegion = en;
			hasScannedForEncodings = 0;
			knownRegions = (
				en,
				Base,
			);
			mainGroup = 6FF0EEF92A0DDC8700BD5145;
			productRefGroup = 6FF0EF032A0DDC8700BD5145 /* Products */;
			projectDirPath = "";
			projectRoot = "";
			targets = (
				6FF0EF012A0DDC8700BD5145 /* tunnel_vpn */,
			);
		};
/* End PBXProject section */

/* Begin PBXResourcesBuildPhase section */
		6FF0EF002A0DDC8700BD5145 /* Resources */ = {
			isa = PBXResourcesBuildPhase;
			buildActionMask = 2147483647;
			files = (
				6FF0EF152A0DDC8900BD5145 /* LaunchScreen.storyboard in Resources */,
				6FF0EF122A0DDC8900BD5145 /* Assets.xcassets in Resources */,
				6FF0EF102A0DDC8700BD5145 /* Main.storyboard in Resources */,
			);
			runOnlyForDeploymentPostprocessing = 0;
		};
/* End PBXResourcesBuildPhase section */

/* Begin PBXSourcesBuildPhase section */
		6FF0EEFE2A0DDC8700BD5145 /* Sources */ = {
			isa = PBXSourcesBuildPhase;
			buildActionMask = 2147483647;
			files = (
				6FF0EF0D2A0DDC8700BD5145 /* ViewController.m in Sources */,
				6FF0EF072A0DDC8700BD5145 /* AppDelegate.m in Sources */,
				6FF0EF182A0DDC8900BD5145 /* main.m in Sources */,
				6FF0EF0A2A0DDC8700BD5145 /* SceneDelegate.m in Sources */,
			);
			runOnlyForDeploymentPostprocessing = 0;
		};
/* End PBXSourcesBuildPhase section */

/* Begin PBXVariantGroup section */
		6FF0EF0E2A0DDC8700BD5145 /* Main.storyboard */ = {
			isa = PBXVariantGroup;
			children = (
				6FF0EF0F2A0DDC8700BD5145 /* Base */,
			);
			name = Main.storyboard;
			sourceTree = "<group>";
		};
		6FF0EF132A0DDC8900BD5145 /* LaunchScreen.storyboard */ = {
			isa = PBXVariantGroup;
			children = (
				6FF0EF142A0DDC8900BD5145 /* Base */,
			);
			name = LaunchScreen.storyboard;
			sourceTree = "<group>";
		};
/* End PBXVariantGroup section */

/* Begin XCBuildConfiguration section */
		6FF0EF192A0DDC8900BD5145 /* Debug */ = {
			isa = XCBuildConfiguration;
			buildSettings = {
				ALWAYS_SEARCH_USER_PATHS = NO;
				CLANG_ANALYZER_NONNULL = YES;
				CLANG_ANALYZER_NUMBER_OBJECT_CONVERSION = YES_AGGRESSIVE;
				CLANG_CXX_LANGUAGE_STANDARD = "gnu++20";
				CLANG_ENABLE_MODULES = YES;
				CLANG_ENABLE_OBJC_ARC = YES;
				CLANG_ENABLE_OBJC_WEAK = YES;
				CLANG_WARN_BLOCK_CAPTURE_AUTORELEASING = YES;
				CLANG_WARN_BOOL_CONVERSION = YES;
				CLANG_WARN_COMMA = YES;
				CLANG_WARN_CONSTANT_CONVERSION = YES;
				CLANG_WARN_DEPRECATED_OBJC_IMPLEMENTATIONS = YES;
				CLANG_WARN_DIRECT_OBJC_ISA_USAGE = YES_ERROR;
				CLANG_WARN_DOCUMENTATION_COMMENTS = YES;
				CLANG_WARN_EMPTY_BODY = YES;
				CLANG_WARN_ENUM_CONVERSION = YES;
				CLANG_WARN_INFINITE_RECURSION = YES;
				CLANG_WARN_INT_CONVERSION = YES;
				CLANG_WARN_NON_LITERAL_NULL_CONVERSION = YES;
				CLANG_WARN_OBJC_IMPLICIT_RETAIN_SELF = YES;
				CLANG_WARN_OBJC_LITERAL_CONVERSION = YES;
				CLANG_WARN_OBJC_ROOT_CLASS = YES_ERROR;
				CLANG_WARN_QUOTED_INCLUDE_IN_FRAMEWORK_HEADER = YES;
				CLANG_WARN_RANGE_LOOP_ANALYSIS = YES;
				CLANG_WARN_STRICT_PROTOTYPES = YES;
				CLANG_WARN_SUSPICIOUS_MOVE = YES;
				CLANG_WARN_UNGUARDED_AVAILABILITY = YES_AGGRESSIVE;
				CLANG_WARN_UNREACHABLE_CODE = YES;
				CLANG_WARN__DUPLICATE_METHOD_MATCH = YES;
				COPY_PHASE_STRIP = NO;
				DEBUG_INFORMATION_FORMAT = dwarf;
				ENABLE_STRICT_OBJC_MSGSEND = YES;
				ENABLE_TESTABILITY = YES;
				GCC_C_LANGUAGE_STANDARD = gnu11;
				GCC_DYNAMIC_NO_PIC = NO;
				GCC_NO_COMMON_BLOCKS = YES;
				GCC_OPTIMIZATION_LEVEL = 0;
				GCC_PREPROCESSOR_DEFINITIONS = (
					"DEBUG=1",
					"$(inherited)",
				);
				GCC_WARN_64_TO_32_BIT_CONVERSION = YES;
				GCC_WARN_ABOUT_RETURN_TYPE = YES_ERROR;
				GCC_WARN_UNDECLARED_SELECTOR = YES;
				GCC_WARN_UNINITIALIZED_AUTOS = YES_AGGRESSIVE;
				GCC_WARN_UNUSED_FUNCTION = YES;
				GCC_WARN_UNUSED_VARIABLE = YES;
				IPHONEOS_DEPLOYMENT_TARGET = 16.4;
				MTL_ENABLE_DEBUG_INFO = INCLUDE_SOURCE;
				MTL_FAST_MATH = YES;
				ONLY_ACTIVE_ARCH = YES;
				SDKROOT = iphoneos;
			};
			name = Debug;
		};
		6FF0EF1A2A0DDC8900BD5145 /* Release */ = {
			isa = XCBuildConfiguration;
			buildSettings = {
				ALWAYS_SEARCH_USER_PATHS = NO;
				CLANG_ANALYZER_NONNULL = YES;
				CLANG_ANALYZER_NUMBER_OBJECT_CONVERSION = YES_AGGRESSIVE;
				CLANG_CXX_LANGUAGE_STANDARD = "gnu++20";
				CLANG_ENABLE_MODULES = YES;
				CLANG_ENABLE_OBJC_ARC = YES;
				CLANG_ENABLE_OBJC_WEAK = YES;
				CLANG_WARN_BLOCK_CAPTURE_AUTORELEASING = YES;
				CLANG_WARN_BOOL_CONVERSION = YES;
				CLANG_WARN_COMMA = YES;
				CLANG_WARN_CONSTANT_CONVERSION = YES;
				CLANG_WARN_DEPRECATED_OBJC_IMPLEMENTATIONS = YES;
				CLANG_WARN_DIRECT_OBJC_ISA_USAGE = YES_ERROR;
				CLANG_WARN_DOCUMENTATION_COMMENTS = YES;
				CLANG_WARN_EMPTY_BODY = YES;
				CLANG_WARN_ENUM_CONVERSION = YES;
				CLANG_WARN_INFINITE_RECURSION = YES;
				CLANG_WARN_INT_CONVERSION = YES;
				CLANG_WARN_NON_LITERAL_NULL_CONVERSION = YES;
				CLANG_WARN_OBJC_IMPLICIT_RETAIN_SELF = YES;
				CLANG_WARN_OBJC_LITERAL_CONVERSION = YES;
				CLANG_WARN_OBJC_ROOT_CLASS = YES_ERROR;
				CLANG_WARN_QUOTED_INCLUDE_IN_FRAMEWORK_HEADER = YES;
				CLANG_WARN_RANGE_LOOP_ANALYSIS = YES;
				CLANG_WARN_STRICT_PROTOTYPES = YES;
				CLANG_WARN_SUSPICIOUS_MOVE = YES;
				CLANG_WARN_UNGUARDED_AVAILABILITY = YES_AGGRESSIVE;
				CLANG_WARN_UNREACHABLE_CODE = YES;
				CLANG_WARN__DUPLICATE_METHOD_MATCH = YES;
				COPY_PHASE_STRIP = NO;
				DEBUG_INFORMATION_FORMAT = "dwarf-with-dsym";
				ENABLE_NS_ASSERTIONS = NO;
				ENABLE_STRICT_OBJC_MSGSEND = YES;
				GCC_C_LANGUAGE_STANDARD = gnu11;
				GCC_NO_COMMON_BLOCKS = YES;
				GCC_WARN_64_TO_32_BIT_CONVERSION = YES;
				GCC_WARN_ABOUT_RETURN_TYPE = YES_ERROR;
				GCC_WARN_UNDECLARED_SELECTOR = YES;
				GCC_WARN_UNINITIALIZED_AUTOS = YES_AGGRESSIVE;
				GCC_WARN_UNUSED_FUNCTION = YES;
				GCC_WARN_UNUSED_VARIABLE = YES;
				IPHONEOS_DEPLOYMENT_TARGET = 16.4;
				MTL_ENABLE_DEBUG_INFO = NO;
				MTL_FAST_MATH = YES;
				SDKROOT = iphoneos;
				VALIDATE_PRODUCT = YES;
			};
			name = Release;
		};
		6FF0EF1C2A0DDC8900BD5145 /* Debug */ = {
			isa = XCBuildConfiguration;
			buildSettings = {
				ASSETCATALOG_COMPILER_APPICON_NAME = AppIcon;
				ASSETCATALOG_COMPILER_GLOBAL_ACCENT_COLOR_NAME = AccentColor;
				CODE_SIGN_STYLE = Automatic;
				CURRENT_PROJECT_VERSION = 1;
				DEVELOPMENT_TEAM = 6D9BQ629VP;
				GENERATE_INFOPLIST_FILE = YES;
				INFOPLIST_FILE = tunnel_vpn/Info.plist;
				INFOPLIST_KEY_UIApplicationSupportsIndirectInputEvents = YES;
				INFOPLIST_KEY_UILaunchStoryboardName = LaunchScreen;
				INFOPLIST_KEY_UIMainStoryboardFile = Main;
				INFOPLIST_KEY_UISupportedInterfaceOrientations_iPad = "UIInterfaceOrientationPortrait UIInterfaceOrientationPortraitUpsideDown UIInterfaceOrientationLandscapeLeft UIInterfaceOrientationLandscapeRight";
				INFOPLIST_KEY_UISupportedInterfaceOrientations_iPhone = "UIInterfaceOrientationPortrait UIInterfaceOrientationLandscapeLeft UIInterfaceOrientationLandscapeRight";
				LD_RUNPATH_SEARCH_PATHS = (
					"$(inherited)",
					"@executable_path/Frameworks",
				);
				MARKETING_VERSION = 1.0;
				PRODUCT_BUNDLE_IDENTIFIER = "com.opentext.harris.tunnel-vpn";
				PRODUCT_NAME = "$(TARGET_NAME)";
				SWIFT_EMIT_LOC_STRINGS = YES;
				TARGETED_DEVICE_FAMILY = "1,2";
			};
			name = Debug;
		};
		6FF0EF1D2A0DDC8900BD5145 /* Release */ = {
			isa = XCBuildConfiguration;
			buildSettings = {
				ASSETCATALOG_COMPILER_APPICON_NAME = AppIcon;
				ASSETCATALOG_COMPILER_GLOBAL_ACCENT_COLOR_NAME = AccentColor;
				CODE_SIGN_STYLE = Automatic;
				CURRENT_PROJECT_VERSION = 1;
				DEVELOPMENT_TEAM = 6D9BQ629VP;
				GENERATE_INFOPLIST_FILE = YES;
				INFOPLIST_FILE = tunnel_vpn/Info.plist;
				INFOPLIST_KEY_UIApplicationSupportsIndirectInputEvents = YES;
				INFOPLIST_KEY_UILaunchStoryboardName = LaunchScreen;
				INFOPLIST_KEY_UIMainStoryboardFile = Main;
				INFOPLIST_KEY_UISupportedInterfaceOrientations_iPad = "UIInterfaceOrientationPortrait UIInterfaceOrientationPortraitUpsideDown UIInterfaceOrientationLandscapeLeft UIInterfaceOrientationLandscapeRight";
				INFOPLIST_KEY_UISupportedInterfaceOrientations_iPhone = "UIInterfaceOrientationPortrait UIInterfaceOrientationLandscapeLeft UIInterfaceOrientationLandscapeRight";
				LD_RUNPATH_SEARCH_PATHS = (
					"$(inherited)",
					"@executable_path/Frameworks",
				);
				MARKETING_VERSION = 1.0;
				PRODUCT_BUNDLE_IDENTIFIER = "com.opentext.harris.tunnel-vpn";
				PRODUCT_NAME = "$(TARGET_NAME)";
				SWIFT_EMIT_LOC_STRINGS = YES;
				TARGETED_DEVICE_FAMILY = "1,2";
			};
			name = Release;
		};
/* End XCBuildConfiguration section */

/* Begin XCConfigurationList section */
		6FF0EEFD2A0DDC8700BD5145 /* Build configuration list for PBXProject "tunnel_vpn" */ = {
			isa = XCConfigurationList;
			buildConfigurations = (
				6FF0EF192A0DDC8900BD5145 /* Debug */,
				6FF0EF1A2A0DDC8900BD5145 /* Release */,
			);
			defaultConfigurationIsVisible = 0;
			defaultConfigurationName = Release;
		};
		6FF0EF1B2A0DDC8900BD5145 /* Build configuration list for PBXNativeTarget "tunnel_vpn" */ = {
			isa = XCConfigurationList;
			buildConfigurations = (
				6FF0EF1C2A0DDC8900BD5145 /* Debug */,
				6FF0EF1D2A0DDC8900BD5145 /* Release */,
			);
			defaultConfigurationIsVisible = 0;
			defaultConfigurationName = Release;
		};
/* End XCConfigurationList section */
	};
	rootObject = 6FF0EEFA2A0DDC8700BD5145 /* Project object */;
}
